// !$*UTF8*$!
{
	archiveVersion = 1;
	classes = {
	};
	objectVersion = 46;
	objects = {

/* Begin PBXAggregateTarget section */
		05CA1C4ACD0A65D90437CF26 /* local-mongoose-webserver_autogen */ = {
			isa = PBXAggregateTarget;
			buildConfigurationList = D198CC76F486480593B20008 /* Build configuration list for PBXAggregateTarget "local-mongoose-webserver_autogen" */;
			buildPhases = (
				D43408174F8396FB3169A658 /* Generate CMakeFiles/local-mongoose-webserver_autogen */,
			);
			dependencies = (
				154280DE6E124ABEA10E350E /* PBXTargetDependency */,
			);
			name = "local-mongoose-webserver_autogen";
			productName = "local-mongoose-webserver_autogen";
		};
		483C9F9FBD7B86E6809809CE /* ZERO_CHECK */ = {
			isa = PBXAggregateTarget;
			buildConfigurationList = 63D31ACE6D994A1AA5692F8C /* Build configuration list for PBXAggregateTarget "ZERO_CHECK" */;
			buildPhases = (
				5D962B97D24700AE29AC1BB8 /* Generate CMakeFiles/ZERO_CHECK */,
			);
			dependencies = (
			);
			name = ZERO_CHECK;
			productName = ZERO_CHECK;
		};
		CA63029E0CF063A4F5C7019A /* ALL_BUILD */ = {
			isa = PBXAggregateTarget;
			buildConfigurationList = 4AB0816D6E7347F7BB2F9B51 /* Build configuration list for PBXAggregateTarget "ALL_BUILD" */;
			buildPhases = (
				ABA35561A316C6E77290837F /* Generate CMakeFiles/ALL_BUILD */,
			);
			dependencies = (
				ED27B46AE30F4D14B3DD3F53 /* PBXTargetDependency */,
				E8DF739D39C8418FAA9F59E5 /* PBXTargetDependency */,
			);
			name = ALL_BUILD;
			productName = ALL_BUILD;
		};
		D4965C9F2346BCB68D812D14 /* install */ = {
			isa = PBXAggregateTarget;
			buildConfigurationList = 57235AEBE9194AEDB35401D6 /* Build configuration list for PBXAggregateTarget "install" */;
			buildPhases = (
				93426DA6A4AC2C2AC9CE883C /* CMake PostBuild Rules */,
			);
			dependencies = (
				3CE8CB3A3FFA471289397519 /* PBXTargetDependency */,
			);
			name = install;
			productName = install;
		};
/* End PBXAggregateTarget section */

/* Begin PBXBuildFile section */
		3F94B24424994EE58D738C98 /* /Users/jonwood/Github_local_dev/local-mongoose-webserver/CMakeLists.txt */ = {isa = PBXBuildFile; fileRef = A1E5EDAE2D6746F8BA9265C5 /* /Users/jonwood/Github_local_dev/local-mongoose-webserver/CMakeLists.txt */; };
		4870F5A6BC6F4A1A8714F6E2 /* /Users/jonwood/Github_local_dev/local-mongoose-webserver/.deps/Frameworks/libobs.framework */ = {isa = PBXBuildFile; fileRef = FC071F9909B3471C9B1C9A12 /* /Users/jonwood/Github_local_dev/local-mongoose-webserver/.deps/Frameworks/libobs.framework */; };
		5E5FCC459CFB40A39697EE26 /* /Users/jonwood/Github_local_dev/local-mongoose-webserver/src/lws_server.cpp */ = {isa = PBXBuildFile; fileRef = A0F907763D6D40D9BD90C7B4 /* /Users/jonwood/Github_local_dev/local-mongoose-webserver/src/lws_server.cpp */; };
		641B367DE07E443C97F64B46 /* /Applications/Xcode.app/Contents/Developer/Platforms/MacOSX.platform/Developer/SDKs/MacOSX26.4.sdk/System/Library/Frameworks/Carbon.framework */ = {isa = PBXBuildFile; fileRef = 9DA68A6827B34B9CAD8A6902 /* /Applications/Xcode.app/Contents/Developer/Platforms/MacOSX.platform/Developer/SDKs/MacOSX26.4.sdk/System/Library/Frameworks/Carbon.framework */; };
		789107B59C624452AF590434 /* /Users/jonwood/Github_local_dev/local-mongoose-webserver/data/locale/en-US.ini */ = {isa = PBXBuildFile; fileRef = 0779F2701781451986888DD7 /* /Users/jonwood/Github_local_dev/local-mongoose-webserver/data/locale/en-US.ini */; };
		7DDFF2C9203E4E96B7EAA563 /* /Users/jonwood/Github_local_dev/local-mongoose-webserver/src/plugin.cpp */ = {isa = PBXBuildFile; fileRef = 546BCE4DE5F54B5298277F2F /* /Users/jonwood/Github_local_dev/local-mongoose-webserver/src/plugin.cpp */; };
		7EB8BB61080A4036811A1843 /* /Users/jonwood/Github_local_dev/local-mongoose-webserver/src/lws_paths.cpp */ = {isa = PBXBuildFile; fileRef = CCAEF1F5CC794B96BBB8C4D5 /* /Users/jonwood/Github_local_dev/local-mongoose-webserver/src/lws_paths.cpp */; };
		8152866452E346F29B51D13B /* /Applications/Xcode.app/Contents/Developer/Platforms/MacOSX.platform/Developer/SDKs/MacOSX26.4.sdk/System/Library/Frameworks/ApplicationServices.framework */ = {isa = PBXBuildFile; fileRef = E5C39594E4E348D28D493F21 /* /Applications/Xcode.app/Contents/Developer/Platforms/MacOSX.platform/Developer/SDKs/MacOSX26.4.sdk/System/Library/Frameworks/ApplicationServices.framework */; };
		87E9DED0B82446CEA897DF0C /* /Users/jonwood/Github_local_dev/local-mongoose-webserver/.deps/lib/obs-frontend-api.dylib */ = {isa = PBXBuildFile; fileRef = 0BB551385B4844C9A207C887 /* /Users/jonwood/Github_local_dev/local-mongoose-webserver/.deps/lib/obs-frontend-api.dylib */; };
		8CD6013216434746B96109DC /* /Users/jonwood/Github_local_dev/local-mongoose-webserver/.deps/obs-deps-qt6-2025-08-23-universal/lib/QtGui.framework */ = {isa = PBXBuildFile; fileRef = F1E066FEB84942DDB0840074 /* /Users/jonwood/Github_local_dev/local-mongoose-webserver/.deps/obs-deps-qt6-2025-08-23-universal/lib/QtGui.framework */; };
		92FC5E8EA9434FE09BC4DEEC /* /Users/jonwood/Github_local_dev/local-mongoose-webserver/src/lws_obs_helpers.cpp */ = {isa = PBXBuildFile; fileRef = 7C9585948C3F46A0BDFC229E /* /Users/jonwood/Github_local_dev/local-mongoose-webserver/src/lws_obs_helpers.cpp */; };
		945E773E063A4AF6BB700384 /* /Users/jonwood/Github_local_dev/local-mongoose-webserver/build_macos/local-mongoose-webserver_autogen/mocs_compilation.cpp */ = {isa = PBXBuildFile; fileRef = E3F73215DBA744198FBB6DFA /* /Users/jonwood/Github_local_dev/local-mongoose-webserver/build_macos/local-mongoose-webserver_autogen/mocs_compilation.cpp */; };
		A6ECB8834BFF47B1BDA4C982 /* /Users/jonwood/Github_local_dev/local-mongoose-webserver/src/thirdparty/mongoose.c */ = {isa = PBXBuildFile; fileRef = 192DDA78ECA448DFB654FCDD /* /Users/jonwood/Github_local_dev/local-mongoose-webserver/src/thirdparty/mongoose.c */; settings = {COMPILER_FLAGS = "-w"; }; };
		AEF815BDA4624303B8CF9497 /* /Users/jonwood/Github_local_dev/local-mongoose-webserver/src/lws_settings.cpp */ = {isa = PBXBuildFile; fileRef = 2E162DB97B854ACF862F3A9E /* /Users/jonwood/Github_local_dev/local-mongoose-webserver/src/lws_settings.cpp */; };
		C53B7D7CC8EC4222816D567F /* /Applications/Xcode.app/Contents/Developer/Platforms/MacOSX.platform/Developer/SDKs/MacOSX26.4.sdk/System/Library/Frameworks/Cocoa.framework */ = {isa = PBXBuildFile; fileRef = 1251522E0E114E6CABA2C1C5 /* /Applications/Xcode.app/Contents/Developer/Platforms/MacOSX.platform/Developer/SDKs/MacOSX26.4.sdk/System/Library/Frameworks/Cocoa.framework */; };
		CDCC2793363343079967C962 /* /Users/jonwood/Github_local_dev/local-mongoose-webserver/src/lws_dialog.cpp */ = {isa = PBXBuildFile; fileRef = CAD0B4C6BEAA481BAA45C55D /* /Users/jonwood/Github_local_dev/local-mongoose-webserver/src/lws_dialog.cpp */; };
		E711BF5B96A94D4C859461BE /* /Users/jonwood/Github_local_dev/local-mongoose-webserver/.deps/obs-deps-qt6-2025-08-23-universal/lib/QtWidgets.framework */ = {isa = PBXBuildFile; fileRef = 5AC29C1CDFBF4A5A8375AD72 /* /Users/jonwood/Github_local_dev/local-mongoose-webserver/.deps/obs-deps-qt6-2025-08-23-universal/lib/QtWidgets.framework */; };
		F60049A596FD49748BE1F855 /* /Users/jonwood/Github_local_dev/local-mongoose-webserver/.deps/obs-deps-qt6-2025-08-23-universal/lib/QtCore.framework */ = {isa = PBXBuildFile; fileRef = BCCC1E8DE7954254A7AD0E20 /* /Users/jonwood/Github_local_dev/local-mongoose-webserver/.deps/obs-deps-qt6-2025-08-23-universal/lib/QtCore.framework */; };
/* End PBXBuildFile section */

/* Begin PBXBuildStyle section */
		067174BBFC604635B5718A53 /* Release */ = {
			isa = PBXBuildStyle;
			buildSettings = {
				COPY_PHASE_STRIP = NO;
			};
			name = Release;
		};
		9806BFF3FBF44E40BCB4149E /* RelWithDebInfo */ = {
			isa = PBXBuildStyle;
			buildSettings = {
				COPY_PHASE_STRIP = NO;
			};
			name = RelWithDebInfo;
		};
		C6D5034B925A44CFB0CABA55 /* Debug */ = {
			isa = PBXBuildStyle;
			buildSettings = {
				COPY_PHASE_STRIP = NO;
			};
			name = Debug;
		};
		D59F0EED4F4D4AE697DC9A9E /* MinSizeRel */ = {
			isa = PBXBuildStyle;
			buildSettings = {
				COPY_PHASE_STRIP = NO;
			};
			name = MinSizeRel;
		};
/* End PBXBuildStyle section */

/* Begin PBXContainerItemProxy section */
		619D283D7EEF4411851E999C /* PBXContainerItemProxy */ = {
			isa = PBXContainerItemProxy;
			containerPortal = 467BE2BA93CA454D9F3F575C /* Project object */;
			proxyType = 1;
			remoteGlobalIDString = B3C3B2DF93FDBF4BB03D4A47;
			remoteInfo = "local-mongoose-webserver";
		};
		77B5F10BD2A04D598D3A05C1 /* PBXContainerItemProxy */ = {
			isa = PBXContainerItemProxy;
			containerPortal = 467BE2BA93CA454D9F3F575C /* Project object */;
			proxyType = 1;
			remoteGlobalIDString = 483C9F9FBD7B86E6809809CE;
			remoteInfo = ZERO_CHECK;
		};
		8F36C26005AA4DDEB5B00336 /* PBXContainerItemProxy */ = {
			isa = PBXContainerItemProxy;
			containerPortal = 467BE2BA93CA454D9F3F575C /* Project object */;
			proxyType = 1;
			remoteGlobalIDString = 483C9F9FBD7B86E6809809CE;
			remoteInfo = ZERO_CHECK;
		};
		A586B428C65A4B5A82DC2CAB /* PBXContainerItemProxy */ = {
			isa = PBXContainerItemProxy;
			containerPortal = 467BE2BA93CA454D9F3F575C /* Project object */;
			proxyType = 1;
			remoteGlobalIDString = CA63029E0CF063A4F5C7019A;
			remoteInfo = ALL_BUILD;
		};
		B2E660621C314973BA4F677A /* PBXContainerItemProxy */ = {
			isa = PBXContainerItemProxy;
			containerPortal = 467BE2BA93CA454D9F3F575C /* Project object */;
			proxyType = 1;
			remoteGlobalIDString = 05CA1C4ACD0A65D90437CF26;
			remoteInfo = "local-mongoose-webserver_autogen";
		};
		DE71A227EA6449BDAD55A9A1 /* PBXContainerItemProxy */ = {
			isa = PBXContainerItemProxy;
			containerPortal = 467BE2BA93CA454D9F3F575C /* Project object */;
			proxyType = 1;
			remoteGlobalIDString = 483C9F9FBD7B86E6809809CE;
			remoteInfo = ZERO_CHECK;
		};
/* End PBXContainerItemProxy section */

/* Begin PBXFileReference section */
		0779F2701781451986888DD7 /* /Users/jonwood/Github_local_dev/local-mongoose-webserver/data/locale/en-US.ini */ = {isa = PBXFileReference; explicitFileType = default; fileEncoding = 4; name = "en-US.ini"; path = "data/locale/en-US.ini"; sourceTree = SOURCE_ROOT; };
		0BB551385B4844C9A207C887 /* /Users/jonwood/Github_local_dev/local-mongoose-webserver/.deps/lib/obs-frontend-api.dylib */ = {isa = PBXFileReference; fileEncoding = 4; lastKnownFileType = "compiled.mach-o.dylib"; name = "obs-frontend-api.dylib"; path = "/Users/jonwood/Github_local_dev/local-mongoose-webserver/.deps/lib/obs-frontend-api.dylib"; sourceTree = "<absolute>"; };
		1251522E0E114E6CABA2C1C5 /* /Applications/Xcode.app/Contents/Developer/Platforms/MacOSX.platform/Developer/SDKs/MacOSX26.4.sdk/System/Library/Frameworks/Cocoa.framework */ = {isa = PBXFileReference; fileEncoding = 4; lastKnownFileType = wrapper.framework; name = Cocoa.framework; path = /Applications/Xcode.app/Contents/Developer/Platforms/MacOSX.platform/Developer/SDKs/MacOSX26.4.sdk/System/Library/Frameworks/Cocoa.framework; sourceTree = "<absolute>"; };
		192DDA78ECA448DFB654FCDD /* /Users/jonwood/Github_local_dev/local-mongoose-webserver/src/thirdparty/mongoose.c */ = {isa = PBXFileReference; explicitFileType = sourcecode.c.c; fileEncoding = 4; name = mongoose.c; path = src/thirdparty/mongoose.c; sourceTree = SOURCE_ROOT; };
		2E162DB97B854ACF862F3A9E /* /Users/jonwood/Github_local_dev/local-mongoose-webserver/src/lws_settings.cpp */ = {isa = PBXFileReference; explicitFileType = sourcecode.cpp.cpp; fileEncoding = 4; name = lws_settings.cpp; path = src/lws_settings.cpp; sourceTree = SOURCE_ROOT; };
		546BCE4DE5F54B5298277F2F /* /Users/jonwood/Github_local_dev/local-mongoose-webserver/src/plugin.cpp */ = {isa = PBXFileReference; explicitFileType = sourcecode.cpp.cpp; fileEncoding = 4; name = plugin.cpp; path = src/plugin.cpp; sourceTree = SOURCE_ROOT; };
		5AC29C1CDFBF4A5A8375AD72 /* /Users/jonwood/Github_local_dev/local-mongoose-webserver/.deps/obs-deps-qt6-2025-08-23-universal/lib/QtWidgets.framework */ = {isa = PBXFileReference; fileEncoding = 4; lastKnownFileType = wrapper.framework; name = QtWidgets.framework; path = "/Users/jonwood/Github_local_dev/local-mongoose-webserver/.deps/obs-deps-qt6-2025-08-23-universal/lib/QtWidgets.framework"; sourceTree = "<absolute>"; };
		6329543946C449B988794359 /* /Users/jonwood/Github_local_dev/local-mongoose-webserver/CMakeLists.txt */ = {isa = PBXFileReference; explicitFileType = sourcecode.text; fileEncoding = 4; name = CMakeLists.txt; path = CMakeLists.txt; sourceTree = SOURCE_ROOT; };
		7C9585948C3F46A0BDFC229E /* /Users/jonwood/Github_local_dev/local-mongoose-webserver/src/lws_obs_helpers.cpp */ = {isa = PBXFileReference; explicitFileType = sourcecode.cpp.cpp; fileEncoding = 4; name = lws_obs_helpers.cpp; path = src/lws_obs_helpers.cpp; sourceTree = SOURCE_ROOT; };
		9DA68A6827B34B9CAD8A6902 /* /Applications/Xcode.app/Contents/Developer/Platforms/MacOSX.platform/Developer/SDKs/MacOSX26.4.sdk/System/Library/Frameworks/Carbon.framework */ = {isa = PBXFileReference; fileEncoding = 4; lastKnownFileType = wrapper.framework; name = Carbon.framework; path = /Applications/Xcode.app/Contents/Developer/Platforms/MacOSX.platform/Developer/SDKs/MacOSX26.4.sdk/System/Library/Frameworks/Carbon.framework; sourceTree = "<absolute>"; };
		A0F907763D6D40D9BD90C7B4 /* /Users/jonwood/Github_local_dev/local-mongoose-webserver/src/lws_server.cpp */ = {isa = PBXFileReference; explicitFileType = sourcecode.cpp.cpp; fileEncoding = 4; name = lws_server.cpp; path = src/lws_server.cpp; sourceTree = SOURCE_ROOT; };
		A1E5EDAE2D6746F8BA9265C5 /* /Users/jonwood/Github_local_dev/local-mongoose-webserver/CMakeLists.txt */ = {isa = PBXFileReference; explicitFileType = sourcecode.text; fileEncoding = 4; name = CMakeLists.txt; path = CMakeLists.txt; sourceTree = SOURCE_ROOT; };
		A287366B5F1948BF8BD224DB /* local-mongoose-webserver */ = {isa = PBXFileReference; explicitFileType = "wrapper.plug-in"; path = "local-mongoose-webserver.plugin/Contents/MacOS/local-mongoose-webserver"; sourceTree = BUILT_PRODUCTS_DIR; };
		BCCC1E8DE7954254A7AD0E20 /* /Users/jonwood/Github_local_dev/local-mongoose-webserver/.deps/obs-deps-qt6-2025-08-23-universal/lib/QtCore.framework */ = {isa = PBXFileReference; fileEncoding = 4; lastKnownFileType = wrapper.framework; name = QtCore.framework; path = "/Users/jonwood/Github_local_dev/local-mongoose-webserver/.deps/obs-deps-qt6-2025-08-23-universal/lib/QtCore.framework"; sourceTree = "<absolute>"; };
		CAD0B4C6BEAA481BAA45C55D /* /Users/jonwood/Github_local_dev/local-mongoose-webserver/src/lws_dialog.cpp */ = {isa = PBXFileReference; explicitFileType = sourcecode.cpp.cpp; fileEncoding = 4; name = lws_dialog.cpp; path = src/lws_dialog.cpp; sourceTree = SOURCE_ROOT; };
		CCAEF1F5CC794B96BBB8C4D5 /* /Users/jonwood/Github_local_dev/local-mongoose-webserver/src/lws_paths.cpp */ = {isa = PBXFileReference; explicitFileType = sourcecode.cpp.cpp; fileEncoding = 4; name = lws_paths.cpp; path = src/lws_paths.cpp; sourceTree = SOURCE_ROOT; };
		DF15B16A66C5478EA995DC84 /* /Users/jonwood/Github_local_dev/local-mongoose-webserver/CMakeLists.txt */ = {isa = PBXFileReference; explicitFileType = sourcecode.text; fileEncoding = 4; name = CMakeLists.txt; path = CMakeLists.txt; sourceTree = SOURCE_ROOT; };
		E3F73215DBA744198FBB6DFA /* /Users/jonwood/Github_local_dev/local-mongoose-webserver/build_macos/local-mongoose-webserver_autogen/mocs_compilation.cpp */ = {isa = PBXFileReference; explicitFileType = sourcecode.cpp.cpp; fileEncoding = 4; name = mocs_compilation.cpp; path = "build_macos/local-mongoose-webserver_autogen/mocs_compilation.cpp"; sourceTree = SOURCE_ROOT; };
		E5C39594E4E348D28D493F21 /* /Applications/Xcode.app/Contents/Developer/Platforms/MacOSX.platform/Developer/SDKs/MacOSX26.4.sdk/System/Library/Frameworks/ApplicationServices.framework */ = {isa = PBXFileReference; fileEncoding = 4; lastKnownFileType = wrapper.framework; name = ApplicationServices.framework; path = /Applications/Xcode.app/Contents/Developer/Platforms/MacOSX.platform/Developer/SDKs/MacOSX26.4.sdk/System/Library/Frameworks/ApplicationServices.framework; sourceTree = "<absolute>"; };
		F1E066FEB84942DDB0840074 /* /Users/jonwood/Github_local_dev/local-mongoose-webserver/.deps/obs-deps-qt6-2025-08-23-universal/lib/QtGui.framework */ = {isa = PBXFileReference; fileEncoding = 4; lastKnownFileType = wrapper.framework; name = QtGui.framework; path = "/Users/jonwood/Github_local_dev/local-mongoose-webserver/.deps/obs-deps-qt6-2025-08-23-universal/lib/QtGui.framework"; sourceTree = "<absolute>"; };
		FC071F9909B3471C9B1C9A12 /* /Users/jonwood/Github_local_dev/local-mongoose-webserver/.deps/Frameworks/libobs.framework */ = {isa = PBXFileReference; fileEncoding = 4; lastKnownFileType = wrapper.framework; name = libobs.framework; path = "/Users/jonwood/Github_local_dev/local-mongoose-webserver/.deps/Frameworks/libobs.framework"; sourceTree = "<absolute>"; };
/* End PBXFileReference section */

/* Begin PBXFrameworksBuildPhase section */
		FAFADFC9443C4D6DB1C1D302 /* Frameworks */ = {
			isa = PBXFrameworksBuildPhase;
			buildActionMask = 2147483647;
			files = (
				8152866452E346F29B51D13B /* /Applications/Xcode.app/Contents/Developer/Platforms/MacOSX.platform/Developer/SDKs/MacOSX26.4.sdk/System/Library/Frameworks/ApplicationServices.framework */,
				641B367DE07E443C97F64B46 /* /Applications/Xcode.app/Contents/Developer/Platforms/MacOSX.platform/Developer/SDKs/MacOSX26.4.sdk/System/Library/Frameworks/Carbon.framework */,
				C53B7D7CC8EC4222816D567F /* /Applications/Xcode.app/Contents/Developer/Platforms/MacOSX.platform/Developer/SDKs/MacOSX26.4.sdk/System/Library/Frameworks/Cocoa.framework */,
				4870F5A6BC6F4A1A8714F6E2 /* /Users/jonwood/Github_local_dev/local-mongoose-webserver/.deps/Frameworks/libobs.framework */,
				87E9DED0B82446CEA897DF0C /* /Users/jonwood/Github_local_dev/local-mongoose-webserver/.deps/lib/obs-frontend-api.dylib */,
				F60049A596FD49748BE1F855 /* /Users/jonwood/Github_local_dev/local-mongoose-webserver/.deps/obs-deps-qt6-2025-08-23-universal/lib/QtCore.framework */,
				8CD6013216434746B96109DC /* /Users/jonwood/Github_local_dev/local-mongoose-webserver/.deps/obs-deps-qt6-2025-08-23-universal/lib/QtGui.framework */,
				E711BF5B96A94D4C859461BE /* /Users/jonwood/Github_local_dev/local-mongoose-webserver/.deps/obs-deps-qt6-2025-08-23-universal/lib/QtWidgets.framework */,
			);
			runOnlyForDeploymentPostprocessing = 0;
		};
/* End PBXFrameworksBuildPhase section */

/* Begin PBXGroup section */
		02DF378AFCAE4404BA74868B = {
			isa = PBXGroup;
			children = (
				9A3DC72189E543EE84BC11C0 /* ALL_BUILD */,
				78B45CD47A2741419C83C743 /* local-mongoose-webserver */,
				4BA74DEFCFBB46908881E873 /* local-mongoose-webserver_autogen */,
				36471E5DF9234BFFA95324EB /* Products */,
				7C186CE83D54412CB1BFF9C7 /* Frameworks */,
				BF12B256C4F8416499CC47BE /* Resources */,
			);
			sourceTree = "<group>";
		};
		146FB003F6F84DB2911D3F4B /* CMake Rules */ = {
			isa = PBXGroup;
			children = (
			);
			name = "CMake Rules";
			sourceTree = "<group>";
		};
		15BCFD1B3A584D17A35FD122 /* locale */ = {
			isa = PBXGroup;
			children = (
				0779F2701781451986888DD7 /* /Users/jonwood/Github_local_dev/local-mongoose-webserver/data/locale/en-US.ini */,
			);
			name = locale;
			sourceTree = "<group>";
		};
		354C78A53FA34CAC8D0A8E91 /* CMake Rules */ = {
			isa = PBXGroup;
			children = (
			);
			name = "CMake Rules";
			sourceTree = "<group>";
		};
		36471E5DF9234BFFA95324EB /* Products */ = {
			isa = PBXGroup;
			children = (
				A287366B5F1948BF8BD224DB /* local-mongoose-webserver */,
			);
			name = Products;
			sourceTree = "<group>";
		};
		4BA74DEFCFBB46908881E873 /* local-mongoose-webserver_autogen */ = {
			isa = PBXGroup;
			children = (
				354C78A53FA34CAC8D0A8E91 /* CMake Rules */,
				DF15B16A66C5478EA995DC84 /* /Users/jonwood/Github_local_dev/local-mongoose-webserver/CMakeLists.txt */,
			);
			name = "local-mongoose-webserver_autogen";
			sourceTree = "<group>";
		};
		78B45CD47A2741419C83C743 /* local-mongoose-webserver */ = {
			isa = PBXGroup;
			children = (
				F76EA82B51924154B1E64D7B /* Resources */,
				9F8B918E2ABA4AE68C8BA730 /* Source Files */,
				A1E5EDAE2D6746F8BA9265C5 /* /Users/jonwood/Github_local_dev/local-mongoose-webserver/CMakeLists.txt */,
			);
			name = "local-mongoose-webserver";
			sourceTree = "<group>";
		};
		7C186CE83D54412CB1BFF9C7 /* Frameworks */ = {
			isa = PBXGroup;
			children = (
				E5C39594E4E348D28D493F21 /* /Applications/Xcode.app/Contents/Developer/Platforms/MacOSX.platform/Developer/SDKs/MacOSX26.4.sdk/System/Library/Frameworks/ApplicationServices.framework */,
				9DA68A6827B34B9CAD8A6902 /* /Applications/Xcode.app/Contents/Developer/Platforms/MacOSX.platform/Developer/SDKs/MacOSX26.4.sdk/System/Library/Frameworks/Carbon.framework */,
				1251522E0E114E6CABA2C1C5 /* /Applications/Xcode.app/Contents/Developer/Platforms/MacOSX.platform/Developer/SDKs/MacOSX26.4.sdk/System/Library/Frameworks/Cocoa.framework */,
				FC071F9909B3471C9B1C9A12 /* /Users/jonwood/Github_local_dev/local-mongoose-webserver/.deps/Frameworks/libobs.framework */,
				0BB551385B4844C9A207C887 /* /Users/jonwood/Github_local_dev/local-mongoose-webserver/.deps/lib/obs-frontend-api.dylib */,
				BCCC1E8DE7954254A7AD0E20 /* /Users/jonwood/Github_local_dev/local-mongoose-webserver/.deps/obs-deps-qt6-2025-08-23-universal/lib/QtCore.framework */,
				F1E066FEB84942DDB0840074 /* /Users/jonwood/Github_local_dev/local-mongoose-webserver/.deps/obs-deps-qt6-2025-08-23-universal/lib/QtGui.framework */,
				5AC29C1CDFBF4A5A8375AD72 /* /Users/jonwood/Github_local_dev/local-mongoose-webserver/.deps/obs-deps-qt6-2025-08-23-universal/lib/QtWidgets.framework */,
			);
			name = Frameworks;
			sourceTree = "<group>";
		};
		9A3DC72189E543EE84BC11C0 /* ALL_BUILD */ = {
			isa = PBXGroup;
			children = (
				146FB003F6F84DB2911D3F4B /* CMake Rules */,
				6329543946C449B988794359 /* /Users/jonwood/Github_local_dev/local-mongoose-webserver/CMakeLists.txt */,
			);
			name = ALL_BUILD;
			sourceTree = "<group>";
		};
		9F8B918E2ABA4AE68C8BA730 /* Source Files */ = {
			isa = PBXGroup;
			children = (
				E3F73215DBA744198FBB6DFA /* /Users/jonwood/Github_local_dev/local-mongoose-webserver/build_macos/local-mongoose-webserver_autogen/mocs_compilation.cpp */,
				CAD0B4C6BEAA481BAA45C55D /* /Users/jonwood/Github_local_dev/local-mongoose-webserver/src/lws_dialog.cpp */,
				7C9585948C3F46A0BDFC229E /* /Users/jonwood/Github_local_dev/local-mongoose-webserver/src/lws_obs_helpers.cpp */,
				CCAEF1F5CC794B96BBB8C4D5 /* /Users/jonwood/Github_local_dev/local-mongoose-webserver/src/lws_paths.cpp */,
				A0F907763D6D40D9BD90C7B4 /* /Users/jonwood/Github_local_dev/local-mongoose-webserver/src/lws_server.cpp */,
				2E162DB97B854ACF862F3A9E /* /Users/jonwood/Github_local_dev/local-mongoose-webserver/src/lws_settings.cpp */,
				546BCE4DE5F54B5298277F2F /* /Users/jonwood/Github_local_dev/local-mongoose-webserver/src/plugin.cpp */,
				192DDA78ECA448DFB654FCDD /* /Users/jonwood/Github_local_dev/local-mongoose-webserver/src/thirdparty/mongoose.c */,
			);
			name = "Source Files";
			sourceTree = "<group>";
		};
		BF12B256C4F8416499CC47BE /* Resources */ = {
			isa = PBXGroup;
			children = (
			);
			name = Resources;
			sourceTree = "<group>";
		};
		F76EA82B51924154B1E64D7B /* Resources */ = {
			isa = PBXGroup;
			children = (
				15BCFD1B3A584D17A35FD122 /* locale */,
			);
			name = Resources;
			sourceTree = "<group>";
		};
/* End PBXGroup section */

/* Begin PBXNativeTarget section */
		B3C3B2DF93FDBF4BB03D4A47 /* local-mongoose-webserver */ = {
			isa = PBXNativeTarget;
			buildConfigurationList = 2607EF61AD01434EA07A9669 /* Build configuration list for PBXNativeTarget "local-mongoose-webserver" */;
			buildPhases = (
				3548FF0BF5A141E6A2972E28 /* Copy files */,
				F90F07BB734448AFAFD2BB35 /* Sources */,
				FAFADFC9443C4D6DB1C1D302 /* Frameworks */,
				F8BFE3DCA70A3DC786BAE746 /* CMake PostBuild Rules */,
			);
			buildRules = (
			);
			dependencies = (
				E8AF05D803DD4212921796A2 /* PBXTargetDependency */,
				C185692E7499428CBCFC1D37 /* PBXTargetDependency */,
			);
			name = "local-mongoose-webserver";
			productName = "local-mongoose-webserver";
			productReference = A287366B5F1948BF8BD224DB /* local-mongoose-webserver */;
			productType = "com.apple.product-type.bundle";
		};
/* End PBXNativeTarget section */

/* Begin PBXProject section */
		467BE2BA93CA454D9F3F575C /* Project object */ = {
			isa = PBXProject;
			attributes = {
				BuildIndependentTargetsInParallel = YES;
				LastUpgradeCheck = 2640;
			};
			buildConfigurationList = DFC7465F67DA42F49A89296F /* Build configuration list for PBXProject "local-mongoose-webserver" */;
			buildSettings = {
			};
			buildStyles = (
				C6D5034B925A44CFB0CABA55 /* Debug */,
				067174BBFC604635B5718A53 /* Release */,
				D59F0EED4F4D4AE697DC9A9E /* MinSizeRel */,
				9806BFF3FBF44E40BCB4149E /* RelWithDebInfo */,
			);
			compatibilityVersion = "Xcode 3.2";
			hasScannedForEncodings = 0;
			mainGroup = 02DF378AFCAE4404BA74868B;
			projectDirPath = "/Users/jonwood/Github_local_dev/local-mongoose-webserver";
			projectRoot = "";
			targets = (
				CA63029E0CF063A4F5C7019A /* ALL_BUILD */,
				D4965C9F2346BCB68D812D14 /* install */,
				B3C3B2DF93FDBF4BB03D4A47 /* local-mongoose-webserver */,
				05CA1C4ACD0A65D90437CF26 /* local-mongoose-webserver_autogen */,
				483C9F9FBD7B86E6809809CE /* ZERO_CHECK */,
			);
		};
/* End PBXProject section */

/* Begin PBXShellScriptBuildPhase section */
		1582A8B0014F0371C161E4F0 = {
			isa = PBXShellScriptBuildPhase;
			buildActionMask = 2147483647;
			files = (
			);
			inputPaths = (
			);
			outputPaths = (
			);
			runOnlyForDeploymentPostprocessing = 0;
			shellPath = /bin/sh;
			shellScript = "# shell script goes here
exit 0";
			showEnvVarsInLog = 0;
		};
		3C0110FC8322DE7E50886E21 = {
			isa = PBXShellScriptBuildPhase;
			buildActionMask = 2147483647;
			files = (
			);
			inputPaths = (
			);
			outputPaths = (
			);
			runOnlyForDeploymentPostprocessing = 0;
			shellPath = /bin/sh;
			shellScript = "# shell script goes here
exit 0";
			showEnvVarsInLog = 0;
		};
		5D962B97D24700AE29AC1BB8 /* Generate CMakeFiles/ZERO_CHECK */ = {
			isa = PBXShellScriptBuildPhase;
			alwaysOutOfDate = 1;
			buildActionMask = 2147483647;
			files = (
			);
			inputPaths = (
			);
			name = "Generate CMakeFiles/ZERO_CHECK";
			outputPaths = (
"/Users/jonwood/Github_local_dev/local-mongoose-webserver/build_macos/CMakeFiles/ZERO_CHECK"			);
			runOnlyForDeploymentPostprocessing = 0;
			shellPath = /bin/sh;
			shellScript = "set -e
if test \"$CONFIGURATION\" = \"Debug\"; then :
  cd /Users/jonwood/Github_local_dev/local-mongoose-webserver/build_macos
  make -f /Users/jonwood/Github_local_dev/local-mongoose-webserver/build_macos/CMakeScripts/ReRunCMake.make
fi
if test \"$CONFIGURATION\" = \"Release\"; then :
  cd /Users/jonwood/Github_local_dev/local-mongoose-webserver/build_macos
  make -f /Users/jonwood/Github_local_dev/local-mongoose-webserver/build_macos/CMakeScripts/ReRunCMake.make
fi
if test \"$CONFIGURATION\" = \"MinSizeRel\"; then :
  cd /Users/jonwood/Github_local_dev/local-mongoose-webserver/build_macos
  make -f /Users/jonwood/Github_local_dev/local-mongoose-webserver/build_macos/CMakeScripts/ReRunCMake.make
fi
if test \"$CONFIGURATION\" = \"RelWithDebInfo\"; then :
  cd /Users/jonwood/Github_local_dev/local-mongoose-webserver/build_macos
  make -f /Users/jonwood/Github_local_dev/local-mongoose-webserver/build_macos/CMakeScripts/ReRunCMake.make
fi
";
			showEnvVarsInLog = 0;
		};
		87AF4882E018677E2624B544 = {
			isa = PBXShellScriptBuildPhase;
			buildActionMask = 2147483647;
			files = (
			);
			inputPaths = (
			);
			outputPaths = (
			);
			runOnlyForDeploymentPostprocessing = 0;
			shellPath = /bin/sh;
			shellScript = "# shell script goes here
exit 0";
			showEnvVarsInLog = 0;
		};
		93426DA6A4AC2C2AC9CE883C /* CMake PostBuild Rules */ = {
			isa = PBXShellScriptBuildPhase;
			alwaysOutOfDate = 1;
			buildActionMask = 2147483647;
			files = (
			);
			inputPaths = (
			);
			name = "CMake PostBuild Rules";
			outputPaths = (
			);
			runOnlyForDeploymentPostprocessing = 0;
			shellPath = /bin/sh;
			shellScript = "set -e
if test \"$CONFIGURATION\" = \"Debug\"; then :
  cd /Users/jonwood/Github_local_dev/local-mongoose-webserver/build_macos
  /opt/homebrew/bin/cmake -DBUILD_TYPE=$CONFIGURATION$EFFECTIVE_PLATFORM_NAME -P cmake_install.cmake
fi
if test \"$CONFIGURATION\" = \"Release\"; then :
  cd /Users/jonwood/Github_local_dev/local-mongoose-webserver/build_macos
  /opt/homebrew/bin/cmake -DBUILD_TYPE=$CONFIGURATION$EFFECTIVE_PLATFORM_NAME -P cmake_install.cmake
fi
if test \"$CONFIGURATION\" = \"MinSizeRel\"; then :
  cd /Users/jonwood/Github_local_dev/local-mongoose-webserver/build_macos
  /opt/homebrew/bin/cmake -DBUILD_TYPE=$CONFIGURATION$EFFECTIVE_PLATFORM_NAME -P cmake_install.cmake
fi
if test \"$CONFIGURATION\" = \"RelWithDebInfo\"; then :
  cd /Users/jonwood/Github_local_dev/local-mongoose-webserver/build_macos
  /opt/homebrew/bin/cmake -DBUILD_TYPE=$CONFIGURATION$EFFECTIVE_PLATFORM_NAME -P cmake_install.cmake
fi
";
			showEnvVarsInLog = 0;
		};
		9B50530E35CC49C82C2FACCF = {
			isa = PBXShellScriptBuildPhase;
			buildActionMask = 2147483647;
			files = (
			);
			inputPaths = (
			);
			outputPaths = (
			);
			runOnlyForDeploymentPostprocessing = 0;
			shellPath = /bin/sh;
			shellScript = "# shell script goes here
exit 0";
			showEnvVarsInLog = 0;
		};
		ABA35561A316C6E77290837F /* Generate CMakeFiles/ALL_BUILD */ = {
			isa = PBXShellScriptBuildPhase;
			alwaysOutOfDate = 1;
			buildActionMask = 2147483647;
			files = (
			);
			inputPaths = (
			);
			name = "Generate CMakeFiles/ALL_BUILD";
			outputPaths = (
"/Users/jonwood/Github_local_dev/local-mongoose-webserver/build_macos/CMakeFiles/ALL_BUILD"			);
			runOnlyForDeploymentPostprocessing = 0;
			shellPath = /bin/sh;
			shellScript = "set -e
if test \"$CONFIGURATION\" = \"Debug\"; then :
  cd /Users/jonwood/Github_local_dev/local-mongoose-webserver/build_macos
  echo Build\\ all\\ projects
fi
if test \"$CONFIGURATION\" = \"Release\"; then :
  cd /Users/jonwood/Github_local_dev/local-mongoose-webserver/build_macos
  echo Build\\ all\\ projects
fi
if test \"$CONFIGURATION\" = \"MinSizeRel\"; then :
  cd /Users/jonwood/Github_local_dev/local-mongoose-webserver/build_macos
  echo Build\\ all\\ projects
fi
if test \"$CONFIGURATION\" = \"RelWithDebInfo\"; then :
  cd /Users/jonwood/Github_local_dev/local-mongoose-webserver/build_macos
  echo Build\\ all\\ projects
fi
";
			showEnvVarsInLog = 0;
		};
		D43408174F8396FB3169A658 /* Generate CMakeFiles/local-mongoose-webserver_autogen */ = {
			isa = PBXShellScriptBuildPhase;
			alwaysOutOfDate = 1;
			buildActionMask = 2147483647;
			files = (
			);
			inputPaths = (
			);
			name = "Generate CMakeFiles/local-mongoose-webserver_autogen";
			outputPaths = (
"/Users/jonwood/Github_local_dev/local-mongoose-webserver/build_macos/CMakeFiles/local-mongoose-webserver_autogen","/Users/jonwood/Github_local_dev/local-mongoose-webserver/build_macos/local-mongoose-webserver_autogen/mocs_compilation.cpp"			);
			runOnlyForDeploymentPostprocessing = 0;
			shellPath = /bin/sh;
			shellScript = "set -e
if test \"$CONFIGURATION\" = \"Debug\"; then :
  cd /Users/jonwood/Github_local_dev/local-mongoose-webserver/build_macos
  /opt/homebrew/bin/cmake -E cmake_autogen /Users/jonwood/Github_local_dev/local-mongoose-webserver/build_macos/CMakeFiles/local-mongoose-webserver_autogen.dir/AutogenInfo.json Debug
fi
if test \"$CONFIGURATION\" = \"Release\"; then :
  cd /Users/jonwood/Github_local_dev/local-mongoose-webserver/build_macos
  /opt/homebrew/bin/cmake -E cmake_autogen /Users/jonwood/Github_local_dev/local-mongoose-webserver/build_macos/CMakeFiles/local-mongoose-webserver_autogen.dir/AutogenInfo.json Release
fi
if test \"$CONFIGURATION\" = \"MinSizeRel\"; then :
  cd /Users/jonwood/Github_local_dev/local-mongoose-webserver/build_macos
  /opt/homebrew/bin/cmake -E cmake_autogen /Users/jonwood/Github_local_dev/local-mongoose-webserver/build_macos/CMakeFiles/local-mongoose-webserver_autogen.dir/AutogenInfo.json MinSizeRel
fi
if test \"$CONFIGURATION\" = \"RelWithDebInfo\"; then :
  cd /Users/jonwood/Github_local_dev/local-mongoose-webserver/build_macos
  /opt/homebrew/bin/cmake -E cmake_autogen /Users/jonwood/Github_local_dev/local-mongoose-webserver/build_macos/CMakeFiles/local-mongoose-webserver_autogen.dir/AutogenInfo.json RelWithDebInfo
fi
";
			showEnvVarsInLog = 0;
		};
		F8BFE3DCA70A3DC786BAE746 /* CMake PostBuild Rules */ = {
			isa = PBXShellScriptBuildPhase;
			alwaysOutOfDate = 1;
			buildActionMask = 2147483647;
			files = (
			);
			inputPaths = (
"${DWARF_DSYM_FOLDER_PATH}/${DWARF_DSYM_FILE_NAME}/Contents/Resources/DWARF/${PRODUCT_NAME}","${DWARF_DSYM_FOLDER_PATH}/${DWARF_DSYM_FILE_NAME}/Contents/Info.plist","$(TARGET_BUILD_DIR)/$(EXECUTABLE_PATH)","$(TARGET_BUILD_DIR)/$(INFOPLIST_PATH)"			);
			name = "CMake PostBuild Rules";
			outputPaths = (
			);
			runOnlyForDeploymentPostprocessing = 0;
			shellPath = /bin/sh;
			shellScript = "set -e
if test \"$CONFIGURATION\" = \"Debug\"; then :
  cd /Users/jonwood/Github_local_dev/local-mongoose-webserver/build_macos
  install_name_tool -change @rpath/AGL.framework/AGL /usr/lib/libresolv.9.dylib /Users/jonwood/Github_local_dev/local-mongoose-webserver/build_macos/Debug/local-mongoose-webserver.plugin/Contents/MacOS/local-mongoose-webserver || true
  cd /Users/jonwood/Github_local_dev/local-mongoose-webserver/build_macos
  /opt/homebrew/bin/cmake -E make_directory /Users/jonwood/Github_local_dev/local-mongoose-webserver/build_macos/rundir/Debug
  /opt/homebrew/bin/cmake -E copy_directory /Users/jonwood/Github_local_dev/local-mongoose-webserver/build_macos/Debug/local-mongoose-webserver.plugin /Users/jonwood/Github_local_dev/local-mongoose-webserver/build_macos/rundir/Debug/local-mongoose-webserver.plugin
fi
if test \"$CONFIGURATION\" = \"Release\"; then :
  cd /Users/jonwood/Github_local_dev/local-mongoose-webserver/build_macos
  install_name_tool -change @rpath/AGL.framework/AGL /usr/lib/libresolv.9.dylib /Users/jonwood/Github_local_dev/local-mongoose-webserver/build_macos/Release/local-mongoose-webserver.plugin/Contents/MacOS/local-mongoose-webserver || true
  cd /Users/jonwood/Github_local_dev/local-mongoose-webserver/build_macos
  /opt/homebrew/bin/cmake -E make_directory /Users/jonwood/Github_local_dev/local-mongoose-webserver/build_macos/rundir/Release
  /opt/homebrew/bin/cmake -E copy_directory /Users/jonwood/Github_local_dev/local-mongoose-webserver/build_macos/Release/local-mongoose-webserver.plugin /Users/jonwood/Github_local_dev/local-mongoose-webserver/build_macos/rundir/Release/local-mongoose-webserver.plugin
fi
if test \"$CONFIGURATION\" = \"MinSizeRel\"; then :
  cd /Users/jonwood/Github_local_dev/local-mongoose-webserver/build_macos
  install_name_tool -change @rpath/AGL.framework/AGL /usr/lib/libresolv.9.dylib /Users/jonwood/Github_local_dev/local-mongoose-webserver/build_macos/MinSizeRel/local-mongoose-webserver.plugin/Contents/MacOS/local-mongoose-webserver || true
  cd /Users/jonwood/Github_local_dev/local-mongoose-webserver/build_macos
  /opt/homebrew/bin/cmake -E make_directory /Users/jonwood/Github_local_dev/local-mongoose-webserver/build_macos/rundir/MinSizeRel
  /opt/homebrew/bin/cmake -E copy_directory /Users/jonwood/Github_local_dev/local-mongoose-webserver/build_macos/MinSizeRel/local-mongoose-webserver.plugin /Users/jonwood/Github_local_dev/local-mongoose-webserver/build_macos/rundir/MinSizeRel/local-mongoose-webserver.plugin
fi
if test \"$CONFIGURATION\" = \"RelWithDebInfo\"; then :
  cd /Users/jonwood/Github_local_dev/local-mongoose-webserver/build_macos
  install_name_tool -change @rpath/AGL.framework/AGL /usr/lib/libresolv.9.dylib /Users/jonwood/Github_local_dev/local-mongoose-webserver/build_macos/RelWithDebInfo/local-mongoose-webserver.plugin/Contents/MacOS/local-mongoose-webserver || true
  cd /Users/jonwood/Github_local_dev/local-mongoose-webserver/build_macos
  /opt/homebrew/bin/cmake -E make_directory /Users/jonwood/Github_local_dev/local-mongoose-webserver/build_macos/rundir/RelWithDebInfo
  /opt/homebrew/bin/cmake -E copy_directory /Users/jonwood/Github_local_dev/local-mongoose-webserver/build_macos/RelWithDebInfo/local-mongoose-webserver.plugin /Users/jonwood/Github_local_dev/local-mongoose-webserver/build_macos/rundir/RelWithDebInfo/local-mongoose-webserver.plugin
fi
";
			showEnvVarsInLog = 0;
		};
/* End PBXShellScriptBuildPhase section */

/* Begin PBXSourcesBuildPhase section */
		F90F07BB734448AFAFD2BB35 /* Sources */ = {
			isa = PBXSourcesBuildPhase;
			buildActionMask = 2147483647;
			files = (
				945E773E063A4AF6BB700384 /* /Users/jonwood/Github_local_dev/local-mongoose-webserver/build_macos/local-mongoose-webserver_autogen/mocs_compilation.cpp */,
				CDCC2793363343079967C962 /* /Users/jonwood/Github_local_dev/local-mongoose-webserver/src/lws_dialog.cpp */,
				92FC5E8EA9434FE09BC4DEEC /* /Users/jonwood/Github_local_dev/local-mongoose-webserver/src/lws_obs_helpers.cpp */,
				7EB8BB61080A4036811A1843 /* /Users/jonwood/Github_local_dev/local-mongoose-webserver/src/lws_paths.cpp */,
				5E5FCC459CFB40A39697EE26 /* /Users/jonwood/Github_local_dev/local-mongoose-webserver/src/lws_server.cpp */,
				AEF815BDA4624303B8CF9497 /* /Users/jonwood/Github_local_dev/local-mongoose-webserver/src/lws_settings.cpp */,
				7DDFF2C9203E4E96B7EAA563 /* /Users/jonwood/Github_local_dev/local-mongoose-webserver/src/plugin.cpp */,
				A6ECB8834BFF47B1BDA4C982 /* /Users/jonwood/Github_local_dev/local-mongoose-webserver/src/thirdparty/mongoose.c */,
			);
			runOnlyForDeploymentPostprocessing = 0;
		};
/* End PBXSourcesBuildPhase section */

/* Begin PBXCopyFilesBuildPhase section */
		3548FF0BF5A141E6A2972E28 /* Copy files */ = {
			isa = PBXCopyFilesBuildPhase;
			buildActionMask = 2147483647;
			dstPath = locale;
			dstSubfolderSpec = 7;
			files = (
				789107B59C624452AF590434 /* /Users/jonwood/Github_local_dev/local-mongoose-webserver/data/locale/en-US.ini */,
			);
			runOnlyForDeploymentPostprocessing = 0;
		};
/* End PBXCopyFilesBuildPhase section */

/* Begin PBXTargetDependency section */
		154280DE6E124ABEA10E350E /* PBXTargetDependency */ = {
			isa = PBXTargetDependency;
			target = 483C9F9FBD7B86E6809809CE /* ZERO_CHECK */;
			targetProxy = 8F36C26005AA4DDEB5B00336 /* PBXContainerItemProxy */;
		};
		3CE8CB3A3FFA471289397519 /* PBXTargetDependency */ = {
			isa = PBXTargetDependency;
			target = CA63029E0CF063A4F5C7019A /* ALL_BUILD */;
			targetProxy = A586B428C65A4B5A82DC2CAB /* PBXContainerItemProxy */;
		};
		C185692E7499428CBCFC1D37 /* PBXTargetDependency */ = {
			isa = PBXTargetDependency;
			target = 05CA1C4ACD0A65D90437CF26 /* local-mongoose-webserver_autogen */;
			targetProxy = B2E660621C314973BA4F677A /* PBXContainerItemProxy */;
		};
		E8AF05D803DD4212921796A2 /* PBXTargetDependency */ = {
			isa = PBXTargetDependency;
			target = 483C9F9FBD7B86E6809809CE /* ZERO_CHECK */;
			targetProxy = DE71A227EA6449BDAD55A9A1 /* PBXContainerItemProxy */;
		};
		E8DF739D39C8418FAA9F59E5 /* PBXTargetDependency */ = {
			isa = PBXTargetDependency;
			target = B3C3B2DF93FDBF4BB03D4A47 /* local-mongoose-webserver */;
			targetProxy = 619D283D7EEF4411851E999C /* PBXContainerItemProxy */;
		};
		ED27B46AE30F4D14B3DD3F53 /* PBXTargetDependency */ = {
			isa = PBXTargetDependency;
			target = 483C9F9FBD7B86E6809809CE /* ZERO_CHECK */;
			targetProxy = 77B5F10BD2A04D598D3A05C1 /* PBXContainerItemProxy */;
		};
/* End PBXTargetDependency section */

/* Begin XCBuildConfiguration section */
		36F1FE8B07C64B5E84B46342 /* Debug */ = {
			isa = XCBuildConfiguration;
			buildSettings = {
				ALWAYS_SEARCH_USER_PATHS = NO;
				ARCHS = arm64;
				COMBINE_HIDPI_IMAGES = YES;
				CONFIGURATION_BUILD_DIR = "/Users/jonwood/Github_local_dev/local-mongoose-webserver/build_macos/Debug";
				CURRENT_PROJECT_VERSION = 22;
				EXECUTABLE_PREFIX = "";
				EXECUTABLE_SUFFIX = "";
				FRAMEWORK_SEARCH_PATHS = (/Applications/Xcode.app/Contents/Developer/Platforms/MacOSX.platform/Developer/SDKs/MacOSX26.4.sdk/System/Library/Frameworks,/Applications/Xcode.app/Contents/Developer/Platforms/MacOSX.platform/Developer/SDKs/MacOSX26.4.sdk/System/Library/Frameworks,"/Users/jonwood/Github_local_dev/local-mongoose-webserver/.deps/Frameworks","/Users/jonwood/Github_local_dev/local-mongoose-webserver/.deps/obs-deps-qt6-2025-08-23-universal/lib","$(inherited)");
				GCC_GENERATE_DEBUGGING_SYMBOLS = YES;
				GCC_INLINES_ARE_PRIVATE_EXTERN = NO;
				GCC_OPTIMIZATION_LEVEL = 0;
				GCC_PREPROCESSOR_DEFINITIONS = ("'CMAKE_INTDIR=\"$(CONFIGURATION)$(EFFECTIVE_PLATFORM_NAME)\"'",local_mongoose_webserver_EXPORTS,"'ENABLE_FRONTEND_API=1'","'ENABLE_QT=1'","'ENABLE_HTTP_SERVER=1'",DEBUG,_DEBUG,SIMDE_ENABLE_OPENMP,HAVE_OBSCONFIG_H,QT_CORE_LIB,QT_WIDGETS_LIB,QT_GUI_LIB,"$(inherited)");
				GCC_SYMBOLS_PRIVATE_EXTERN = NO;
				GENERATE_INFOPLIST_FILE = YES;
				HEADER_SEARCH_PATHS = ("/Users/jonwood/Github_local_dev/local-mongoose-webserver/build_macos","/Users/jonwood/Github_local_dev/local-mongoose-webserver","/Users/jonwood/Github_local_dev/local-mongoose-webserver/src","/Users/jonwood/Github_local_dev/local-mongoose-webserver/build_macos/generated","/Users/jonwood/Github_local_dev/local-mongoose-webserver/src/thirdparty","$(inherited)");
				INFOPLIST_FILE = "";
				INFOPLIST_KEY_CFBundleDisplayName = "local-mongoose-webserver";
				INFOPLIST_KEY_NSHumanReadableCopyright = "(c) 2026 Your Name Here";
				INSTALL_PATH = "$(USER_LIBRARY_DIR)/Application Support/obs-studio/plugins";
				LIBRARY_SEARCH_PATHS = ("/Users/jonwood/Github_local_dev/local-mongoose-webserver/.deps/lib","$(inherited)");
				LIBRARY_STYLE = BUNDLE;
				MARKETING_VERSION = 1.0.0;
				ONLY_ACTIVE_ARCH = NO;
				OTHER_CFLAGS = ("   '-std=c17' -fPIC -fvisibility=hidden -fopenmp-simd '-Wno-error=newline-eof' '-Wno-error=deprecated-this-capture' '-Wno-error=deprecated-declarations' '-Wno-error=range-loop-construct' -Wno-strict-prototypes -Wno-shorten-64-to-32 -Werror ","$(inherited)");
				OTHER_CPLUSPLUSFLAGS = "   '-std=c++17' -fPIC -fvisibility=hidden -fvisibility-inlines-hidden -fopenmp-simd '-Wno-error=newline-eof' '-Wno-error=deprecated-this-capture' '-Wno-error=deprecated-declarations' '-Wno-error=range-loop-construct' -Wno-strict-prototypes -Wno-shorten-64-to-32 -Werror ";
				OTHER_LDFLAGS = (" -Wl,-headerpad_max_install_names","-F/Users/jonwood/Github_local_dev/local-mongoose-webserver/local_frameworks","-framework IOKit","-framework DiskArbitration","-framework UniformTypeIdentifiers","-framework AppKit","-framework OpenGL","-framework ImageIO","-framework Metal","$(inherited)");
				OTHER_REZFLAGS = "";
				PRODUCT_BUNDLE_IDENTIFIER = "com.example.local-mongoose-webserver";
				PRODUCT_NAME = "local-mongoose-webserver";
				SECTORDER_FLAGS = "";
				SYSTEM_FRAMEWORK_SEARCH_PATHS = ("/Users/jonwood/Github_local_dev/local-mongoose-webserver/.deps/obs-deps-qt6-2025-08-23-universal/lib","/Users/jonwood/Github_local_dev/local-mongoose-webserver/.deps/Frameworks","$(inherited)");
				SYSTEM_HEADER_SEARCH_PATHS = ("/Users/jonwood/Github_local_dev/local-mongoose-webserver/build_macos/local-mongoose-webserver_autogen/include_Debug","/Users/jonwood/Github_local_dev/local-mongoose-webserver/.deps/Frameworks/libobs.framework/Headers","/Users/jonwood/Github_local_dev/local-mongoose-webserver/.deps/obs-deps-2025-08-23-universal/include","/Users/jonwood/Github_local_dev/local-mongoose-webserver/.deps/include/obs","/Users/jonwood/Github_local_dev/local-mongoose-webserver/.deps/obs-deps-qt6-2025-08-23-universal/lib/QtCore.framework/Headers","/Users/jonwood/Github_local_dev/local-mongoose-webserver/.deps/obs-deps-qt6-2025-08-23-universal/mkspecs/macx-clang","/Users/jonwood/Github_local_dev/local-mongoose-webserver/.deps/obs-deps-qt6-2025-08-23-universal/include","/Users/jonwood/Github_local_dev/local-mongoose-webserver/.deps/obs-deps-qt6-2025-08-23-universal/lib/QtWidgets.framework/Headers","/Users/jonwood/Github_local_dev/local-mongoose-webserver/.deps/obs-deps-qt6-2025-08-23-universal/lib/QtGui.framework/Headers","$(inherited)");
				TARGET_TEMP_DIR = "/Users/jonwood/Github_local_dev/local-mongoose-webserver/build_macos/build/local-mongoose-webserver.build/$(CONFIGURATION)$(EFFECTIVE_PLATFORM_NAME)";
				USE_HEADERMAP = NO;
				WARNING_CFLAGS = ("$(inherited)");
				WRAPPER_EXTENSION = plugin;
			};
			name = Debug;
		};
		3B8601AE6DFD4854AB08963E /* MinSizeRel */ = {
			isa = XCBuildConfiguration;
			buildSettings = {
				ALWAYS_SEARCH_USER_PATHS = NO;
				ARCHS = arm64;
				COMBINE_HIDPI_IMAGES = YES;
				GCC_GENERATE_DEBUGGING_SYMBOLS = YES;
				GCC_INLINES_ARE_PRIVATE_EXTERN = NO;
				GCC_OPTIMIZATION_LEVEL = 0;
				GCC_PREPROCESSOR_DEFINITIONS = ("'CMAKE_INTDIR=\"$(CONFIGURATION)$(EFFECTIVE_PLATFORM_NAME)\"'","$(inherited)");
				GCC_SYMBOLS_PRIVATE_EXTERN = NO;
				INSTALL_PATH = "";
				ONLY_ACTIVE_ARCH = NO;
				OTHER_LDFLAGS = ("'-Wl,-dead_strip_dylibs'","$(inherited)");
				OTHER_REZFLAGS = "";
				PRODUCT_NAME = ALL_BUILD;
				SECTORDER_FLAGS = "";
				USE_HEADERMAP = NO;
				WARNING_CFLAGS = ("$(inherited)");
			};
			name = MinSizeRel;
		};
		676091ACE9F94A9395BDE148 /* MinSizeRel */ = {
			isa = XCBuildConfiguration;
			buildSettings = {
				ALWAYS_SEARCH_USER_PATHS = NO;
				ARCHS = arm64;
				COMBINE_HIDPI_IMAGES = YES;
				CONFIGURATION_BUILD_DIR = "/Users/jonwood/Github_local_dev/local-mongoose-webserver/build_macos/MinSizeRel";
				CURRENT_PROJECT_VERSION = 22;
				EXECUTABLE_PREFIX = "";
				EXECUTABLE_SUFFIX = "";
				FRAMEWORK_SEARCH_PATHS = (/Applications/Xcode.app/Contents/Developer/Platforms/MacOSX.platform/Developer/SDKs/MacOSX26.4.sdk/System/Library/Frameworks,/Applications/Xcode.app/Contents/Developer/Platforms/MacOSX.platform/Developer/SDKs/MacOSX26.4.sdk/System/Library/Frameworks,"/Users/jonwood/Github_local_dev/local-mongoose-webserver/.deps/Frameworks","/Users/jonwood/Github_local_dev/local-mongoose-webserver/.deps/obs-deps-qt6-2025-08-23-universal/lib","$(inherited)");
				GCC_GENERATE_DEBUGGING_SYMBOLS = NO;
				GCC_INLINES_ARE_PRIVATE_EXTERN = NO;
				GCC_OPTIMIZATION_LEVEL = s;
				GCC_PREPROCESSOR_DEFINITIONS = ("'CMAKE_INTDIR=\"$(CONFIGURATION)$(EFFECTIVE_PLATFORM_NAME)\"'",local_mongoose_webserver_EXPORTS,"'ENABLE_FRONTEND_API=1'","'ENABLE_QT=1'","'ENABLE_HTTP_SERVER=1'",SIMDE_ENABLE_OPENMP,HAVE_OBSCONFIG_H,QT_CORE_LIB,QT_NO_DEBUG,QT_WIDGETS_LIB,QT_GUI_LIB,"$(inherited)");
				GCC_SYMBOLS_PRIVATE_EXTERN = NO;
				GENERATE_INFOPLIST_FILE = YES;
				HEADER_SEARCH_PATHS = ("/Users/jonwood/Github_local_dev/local-mongoose-webserver/build_macos","/Users/jonwood/Github_local_dev/local-mongoose-webserver","/Users/jonwood/Github_local_dev/local-mongoose-webserver/src","/Users/jonwood/Github_local_dev/local-mongoose-webserver/build_macos/generated","/Users/jonwood/Github_local_dev/local-mongoose-webserver/src/thirdparty","$(inherited)");
				INFOPLIST_FILE = "";
				INFOPLIST_KEY_CFBundleDisplayName = "local-mongoose-webserver";
				INFOPLIST_KEY_NSHumanReadableCopyright = "(c) 2026 Your Name Here";
				INSTALL_PATH = "$(USER_LIBRARY_DIR)/Application Support/obs-studio/plugins";
				LIBRARY_SEARCH_PATHS = ("/Users/jonwood/Github_local_dev/local-mongoose-webserver/.deps/lib","$(inherited)");
				LIBRARY_STYLE = BUNDLE;
				MARKETING_VERSION = 1.0.0;
				ONLY_ACTIVE_ARCH = NO;
				OTHER_CFLAGS = ("    -DNDEBUG '-std=c17' -fPIC -fvisibility=hidden -fopenmp-simd '-Wno-error=newline-eof' '-Wno-error=deprecated-this-capture' '-Wno-error=deprecated-declarations' '-Wno-error=range-loop-construct' -Wno-strict-prototypes -Wno-shorten-64-to-32 -Werror ","$(inherited)");
				OTHER_CPLUSPLUSFLAGS = "    -DNDEBUG '-std=c++17' -fPIC -fvisibility=hidden -fvisibility-inlines-hidden -fopenmp-simd '-Wno-error=newline-eof' '-Wno-error=deprecated-this-capture' '-Wno-error=deprecated-declarations' '-Wno-error=range-loop-construct' -Wno-strict-prototypes -Wno-shorten-64-to-32 -Werror ";
				OTHER_LDFLAGS = (" -Wl,-headerpad_max_install_names","-F/Users/jonwood/Github_local_dev/local-mongoose-webserver/local_frameworks","-framework IOKit","-framework DiskArbitration","-framework UniformTypeIdentifiers","-framework AppKit","-framework OpenGL","-framework ImageIO","-framework Metal","$(inherited)");
				OTHER_REZFLAGS = "";
				PRODUCT_BUNDLE_IDENTIFIER = "com.example.local-mongoose-webserver";
				PRODUCT_NAME = "local-mongoose-webserver";
				SECTORDER_FLAGS = "";
				SYSTEM_FRAMEWORK_SEARCH_PATHS = ("/Users/jonwood/Github_local_dev/local-mongoose-webserver/.deps/obs-deps-qt6-2025-08-23-universal/lib","/Users/jonwood/Github_local_dev/local-mongoose-webserver/.deps/Frameworks","$(inherited)");
				SYSTEM_HEADER_SEARCH_PATHS = ("/Users/jonwood/Github_local_dev/local-mongoose-webserver/build_macos/local-mongoose-webserver_autogen/include_MinSizeRel","/Users/jonwood/Github_local_dev/local-mongoose-webserver/.deps/Frameworks/libobs.framework/Headers","/Users/jonwood/Github_local_dev/local-mongoose-webserver/.deps/obs-deps-2025-08-23-universal/include","/Users/jonwood/Github_local_dev/local-mongoose-webserver/.deps/include/obs","/Users/jonwood/Github_local_dev/local-mongoose-webserver/.deps/obs-deps-qt6-2025-08-23-universal/lib/QtCore.framework/Headers","/Users/jonwood/Github_local_dev/local-mongoose-webserver/.deps/obs-deps-qt6-2025-08-23-universal/mkspecs/macx-clang","/Users/jonwood/Github_local_dev/local-mongoose-webserver/.deps/obs-deps-qt6-2025-08-23-universal/include","/Users/jonwood/Github_local_dev/local-mongoose-webserver/.deps/obs-deps-qt6-2025-08-23-universal/lib/QtWidgets.framework/Headers","/Users/jonwood/Github_local_dev/local-mongoose-webserver/.deps/obs-deps-qt6-2025-08-23-universal/lib/QtGui.framework/Headers","$(inherited)");
				TARGET_TEMP_DIR = "/Users/jonwood/Github_local_dev/local-mongoose-webserver/build_macos/build/local-mongoose-webserver.build/$(CONFIGURATION)$(EFFECTIVE_PLATFORM_NAME)";
				USE_HEADERMAP = NO;
				WARNING_CFLAGS = ("$(inherited)");
				WRAPPER_EXTENSION = plugin;
			};
			name = MinSizeRel;
		};
		6A40835A03894B0AB10E476A /* RelWithDebInfo */ = {
			isa = XCBuildConfiguration;
			buildSettings = {
				ARCHS = arm64;
				CLANG_ENABLE_MODULES = YES;
				CLANG_ENABLE_OBJC_ARC = YES;
				CLANG_ENABLE_OBJC_WEAK = YES;
				CLANG_MODULES_AUTOLINK = YES;
				CLANG_WARN_BLOCK_CAPTURE_AUTORELEASING = YES_ERROR;
				CLANG_WARN_BOOL_CONVERSION = YES;
				CLANG_WARN_COMMA = YES;
				CLANG_WARN_CONSTANT_CONVERSION = YES;
				CLANG_WARN_DEPRECATED_OBJC_IMPLEMENTATIONS = YES;
				CLANG_WARN_EMPTY_BODY = YES;
				CLANG_WARN_ENUM_CONVERSION = YES;
				CLANG_WARN_INFINITE_RECURSION = YES;
				CLANG_WARN_INT_CONVERSION = YES;
				CLANG_WARN_NON_LITERAL_NULL_CONVERSION = YES;
				CLANG_WARN_OBJC_IMPLICIT_RETAIN_SELF = YES;
				CLANG_WARN_OBJC_LITERAL_CONVERSION = YES;
				CLANG_WARN_OBJC_REPEATED_USE_OF_WEAK = YES;
				CLANG_WARN_QUOTED_INCLUDE_IN_FRAMEWORK_HEADER = YES;
				CLANG_WARN_RANGE_LOOP_ANALYSIS = YES;
				CLANG_WARN_STRICT_PROTOTYPES = NO;
				CLANG_WARN_SUSPICIOUS_IMPLICIT_CONVERSION = NO;
				CLANG_WARN_SUSPICIOUS_MOVE = YES;
				CLANG_WARN_UNREACHABLE_CODE = YES;
				CLANG_WARN__DUPLICATE_METHOD_MATCH = YES;
				CODE_SIGN_IDENTITY = "-";
				CODE_SIGN_INJECT_BASE_ENTITLEMENTS = NO;
				CODE_SIGN_STYLE = Manual;
				CURRENT_PROJECT_VERSION = 22;
				DEAD_CODE_STRIPPING = YES;
				DEBUG_INFORMATION_FORMAT = dwarf;
				DYLIB_COMPATIBILITY_VERSION = 1.0.0;
				ENABLE_HARDENED_RUNTIME = YES;
				ENABLE_STRICT_OBJC_MSGSEND = YES;
				GCC_INLINES_ARE_PRIVATE_EXTERN = YES;
				GCC_NO_COMMON_BLOCKS = YES;
				GCC_STRICT_ALIASING = NO;
				GCC_SYMBOLS_PRIVATE_EXTERN = YES;
				GCC_TREAT_WARNINGS_AS_ERRORS = YES;
				GCC_WARN_64_TO_32_BIT_CONVERSION = YES;
				GCC_WARN_ABOUT_MISSING_FIELD_INITIALIZERS = NO;
				GCC_WARN_ABOUT_MISSING_NEWLINE = YES;
				GCC_WARN_ABOUT_RETURN_TYPE = YES_ERROR;
				GCC_WARN_CHECK_SWITCH_STATEMENTS = YES;
				GCC_WARN_FOUR_CHARACTER_CONSTANTS = YES;
				GCC_WARN_SHADOW = NO;
				GCC_WARN_SIGN_COMPARE = YES;
				GCC_WARN_TYPECHECK_CALLS_TO_PRINTF = YES;
				GCC_WARN_UNDECLARED_SELECTOR = YES;
				GCC_WARN_UNINITIALIZED_AUTOS = YES;
				GCC_WARN_UNUSED_FUNCTION = NO;
				GCC_WARN_UNUSED_PARAMETER = YES;
				GCC_WARN_UNUSED_VALUE = YES;
				GCC_WARN_UNUSED_VARIABLE = YES;
				LD_RUNPATH_SEARCH_PATHS = "@executable_path/../Frameworks";
				MACOSX_DEPLOYMENT_TARGET = 12.0;
				MARKETING_VERSION = 1.0.0;
				OTHER_CODE_SIGN_FLAGS = "--timestamp";
				SDKROOT = "";
				SWIFT_COMPILATION_MODE = wholemodule;
				SWIFT_VERSION = 5.0;
				SYMROOT = "/Users/jonwood/Github_local_dev/local-mongoose-webserver/build_macos/build";
				WARNING_CFLAGS = "-Wvla -Wformat-security";
			};
			name = RelWithDebInfo;
		};
		6E909E86FE3A4C69BAA59149 /* Debug */ = {
			isa = XCBuildConfiguration;
			buildSettings = {
				ALWAYS_SEARCH_USER_PATHS = NO;
				ARCHS = arm64;
				COMBINE_HIDPI_IMAGES = YES;
				GCC_GENERATE_DEBUGGING_SYMBOLS = YES;
				GCC_INLINES_ARE_PRIVATE_EXTERN = NO;
				GCC_OPTIMIZATION_LEVEL = 0;
				GCC_PREPROCESSOR_DEFINITIONS = ("'CMAKE_INTDIR=\"$(CONFIGURATION)$(EFFECTIVE_PLATFORM_NAME)\"'","$(inherited)");
				GCC_SYMBOLS_PRIVATE_EXTERN = NO;
				INSTALL_PATH = "";
				ONLY_ACTIVE_ARCH = NO;
				OTHER_LDFLAGS = ("'-Wl,-dead_strip_dylibs'","$(inherited)");
				OTHER_REZFLAGS = "";
				PRODUCT_NAME = install;
				SECTORDER_FLAGS = "";
				USE_HEADERMAP = NO;
				WARNING_CFLAGS = ("$(inherited)");
			};
			name = Debug;
		};
		7268177AF4774E1DB7132DE5 /* Debug */ = {
			isa = XCBuildConfiguration;
			buildSettings = {
				ARCHS = arm64;
				CLANG_ENABLE_MODULES = YES;
				CLANG_ENABLE_OBJC_ARC = YES;
				CLANG_ENABLE_OBJC_WEAK = YES;
				CLANG_MODULES_AUTOLINK = YES;
				CLANG_WARN_BLOCK_CAPTURE_AUTORELEASING = YES_ERROR;
				CLANG_WARN_BOOL_CONVERSION = YES;
				CLANG_WARN_COMMA = YES;
				CLANG_WARN_CONSTANT_CONVERSION = YES;
				CLANG_WARN_DEPRECATED_OBJC_IMPLEMENTATIONS = YES;
				CLANG_WARN_EMPTY_BODY = YES;
				CLANG_WARN_ENUM_CONVERSION = YES;
				CLANG_WARN_INFINITE_RECURSION = YES;
				CLANG_WARN_INT_CONVERSION = YES;
				CLANG_WARN_NON_LITERAL_NULL_CONVERSION = YES;
				CLANG_WARN_OBJC_IMPLICIT_RETAIN_SELF = YES;
				CLANG_WARN_OBJC_LITERAL_CONVERSION = YES;
				CLANG_WARN_OBJC_REPEATED_USE_OF_WEAK = YES;
				CLANG_WARN_QUOTED_INCLUDE_IN_FRAMEWORK_HEADER = YES;
				CLANG_WARN_RANGE_LOOP_ANALYSIS = YES;
				CLANG_WARN_STRICT_PROTOTYPES = NO;
				CLANG_WARN_SUSPICIOUS_IMPLICIT_CONVERSION = NO;
				CLANG_WARN_SUSPICIOUS_MOVE = YES;
				CLANG_WARN_UNREACHABLE_CODE = YES;
				CLANG_WARN__DUPLICATE_METHOD_MATCH = YES;
				CODE_SIGN_IDENTITY = "-";
				CODE_SIGN_STYLE = Manual;
				CURRENT_PROJECT_VERSION = 22;
				DEAD_CODE_STRIPPING = YES;
				DEBUG_INFORMATION_FORMAT = dwarf;
				DYLIB_COMPATIBILITY_VERSION = 1.0.0;
				ENABLE_STRICT_OBJC_MSGSEND = YES;
				ENABLE_TESTABILITY = YES;
				GCC_INLINES_ARE_PRIVATE_EXTERN = YES;
				GCC_NO_COMMON_BLOCKS = YES;
				GCC_STRICT_ALIASING = NO;
				GCC_SYMBOLS_PRIVATE_EXTERN = YES;
				GCC_TREAT_WARNINGS_AS_ERRORS = YES;
				GCC_WARN_64_TO_32_BIT_CONVERSION = YES;
				GCC_WARN_ABOUT_MISSING_FIELD_INITIALIZERS = NO;
				GCC_WARN_ABOUT_MISSING_NEWLINE = YES;
				GCC_WARN_ABOUT_RETURN_TYPE = YES_ERROR;
				GCC_WARN_CHECK_SWITCH_STATEMENTS = YES;
				GCC_WARN_FOUR_CHARACTER_CONSTANTS = YES;
				GCC_WARN_SHADOW = NO;
				GCC_WARN_SIGN_COMPARE = YES;
				GCC_WARN_TYPECHECK_CALLS_TO_PRINTF = YES;
				GCC_WARN_UNDECLARED_SELECTOR = YES;
				GCC_WARN_UNINITIALIZED_AUTOS = YES;
				GCC_WARN_UNUSED_FUNCTION = NO;
				GCC_WARN_UNUSED_PARAMETER = YES;
				GCC_WARN_UNUSED_VALUE = YES;
				GCC_WARN_UNUSED_VARIABLE = YES;
				LD_RUNPATH_SEARCH_PATHS = "@executable_path/../Frameworks";
				MACOSX_DEPLOYMENT_TARGET = 12.0;
				MARKETING_VERSION = 1.0.0;
				ONLY_ACTIVE_ARCH = YES;
				SDKROOT = "";
				SWIFT_VERSION = 5.0;
				SYMROOT = "/Users/jonwood/Github_local_dev/local-mongoose-webserver/build_macos/build";
				WARNING_CFLAGS = "-Wvla -Wformat-security";
			};
			name = Debug;
		};
		8083574254274A92BACBC3F2 /* Release */ = {
			isa = XCBuildConfiguration;
			buildSettings = {
				ALWAYS_SEARCH_USER_PATHS = NO;
				ARCHS = arm64;
				COMBINE_HIDPI_IMAGES = YES;
				CONFIGURATION_BUILD_DIR = "/Users/jonwood/Github_local_dev/local-mongoose-webserver/build_macos/Release";
				CURRENT_PROJECT_VERSION = 22;
				EXECUTABLE_PREFIX = "";
				EXECUTABLE_SUFFIX = "";
				FRAMEWORK_SEARCH_PATHS = (/Applications/Xcode.app/Contents/Developer/Platforms/MacOSX.platform/Developer/SDKs/MacOSX26.4.sdk/System/Library/Frameworks,/Applications/Xcode.app/Contents/Developer/Platforms/MacOSX.platform/Developer/SDKs/MacOSX26.4.sdk/System/Library/Frameworks,"/Users/jonwood/Github_local_dev/local-mongoose-webserver/.deps/Frameworks","/Users/jonwood/Github_local_dev/local-mongoose-webserver/.deps/obs-deps-qt6-2025-08-23-universal/lib","$(inherited)");
				GCC_GENERATE_DEBUGGING_SYMBOLS = YES;
				GCC_INLINES_ARE_PRIVATE_EXTERN = NO;
				GCC_OPTIMIZATION_LEVEL = 3;
				GCC_PREPROCESSOR_DEFINITIONS = ("'CMAKE_INTDIR=\"$(CONFIGURATION)$(EFFECTIVE_PLATFORM_NAME)\"'",local_mongoose_webserver_EXPORTS,"'ENABLE_FRONTEND_API=1'","'ENABLE_QT=1'","'ENABLE_HTTP_SERVER=1'",SIMDE_ENABLE_OPENMP,HAVE_OBSCONFIG_H,QT_CORE_LIB,QT_NO_DEBUG,QT_WIDGETS_LIB,QT_GUI_LIB,"$(inherited)");
				GCC_SYMBOLS_PRIVATE_EXTERN = NO;
				GENERATE_INFOPLIST_FILE = YES;
				HEADER_SEARCH_PATHS = ("/Users/jonwood/Github_local_dev/local-mongoose-webserver/build_macos","/Users/jonwood/Github_local_dev/local-mongoose-webserver","/Users/jonwood/Github_local_dev/local-mongoose-webserver/src","/Users/jonwood/Github_local_dev/local-mongoose-webserver/build_macos/generated","/Users/jonwood/Github_local_dev/local-mongoose-webserver/src/thirdparty","$(inherited)");
				INFOPLIST_FILE = "";
				INFOPLIST_KEY_CFBundleDisplayName = "local-mongoose-webserver";
				INFOPLIST_KEY_NSHumanReadableCopyright = "(c) 2026 Your Name Here";
				INSTALL_PATH = "$(USER_LIBRARY_DIR)/Application Support/obs-studio/plugins";
				LIBRARY_SEARCH_PATHS = ("/Users/jonwood/Github_local_dev/local-mongoose-webserver/.deps/lib","$(inherited)");
				LIBRARY_STYLE = BUNDLE;
				MARKETING_VERSION = 1.0.0;
				ONLY_ACTIVE_ARCH = NO;
				OTHER_CFLAGS = ("    -DNDEBUG    '-std=c17' -fPIC -fvisibility=hidden -fopenmp-simd '-Wno-error=newline-eof' '-Wno-error=deprecated-this-capture' '-Wno-error=deprecated-declarations' '-Wno-error=range-loop-construct' -Wno-strict-prototypes -Wno-shorten-64-to-32 -Werror ","$(inherited)");
				OTHER_CPLUSPLUSFLAGS = "    -DNDEBUG    '-std=c++17' -fPIC -fvisibility=hidden -fvisibility-inlines-hidden -fopenmp-simd '-Wno-error=newline-eof' '-Wno-error=deprecated-this-capture' '-Wno-error=deprecated-declarations' '-Wno-error=range-loop-construct' -Wno-strict-prototypes -Wno-shorten-64-to-32 -Werror ";
				OTHER_LDFLAGS = (" -Wl,-headerpad_max_install_names","-F/Users/jonwood/Github_local_dev/local-mongoose-webserver/local_frameworks","-framework IOKit","-framework DiskArbitration","-framework UniformTypeIdentifiers","-framework AppKit","-framework OpenGL","-framework ImageIO","-framework Metal","$(inherited)");
				OTHER_REZFLAGS = "";
				PRODUCT_BUNDLE_IDENTIFIER = "com.example.local-mongoose-webserver";
				PRODUCT_NAME = "local-mongoose-webserver";
				SECTORDER_FLAGS = "";
				SYSTEM_FRAMEWORK_SEARCH_PATHS = ("/Users/jonwood/Github_local_dev/local-mongoose-webserver/.deps/obs-deps-qt6-2025-08-23-universal/lib","/Users/jonwood/Github_local_dev/local-mongoose-webserver/.deps/Frameworks","$(inherited)");
				SYSTEM_HEADER_SEARCH_PATHS = ("/Users/jonwood/Github_local_dev/local-mongoose-webserver/build_macos/local-mongoose-webserver_autogen/include_Release","/Users/jonwood/Github_local_dev/local-mongoose-webserver/.deps/Frameworks/libobs.framework/Headers","/Users/jonwood/Github_local_dev/local-mongoose-webserver/.deps/obs-deps-2025-08-23-universal/include","/Users/jonwood/Github_local_dev/local-mongoose-webserver/.deps/include/obs","/Users/jonwood/Github_local_dev/local-mongoose-webserver/.deps/obs-deps-qt6-2025-08-23-universal/lib/QtCore.framework/Headers","/Users/jonwood/Github_local_dev/local-mongoose-webserver/.deps/obs-deps-qt6-2025-08-23-universal/mkspecs/macx-clang","/Users/jonwood/Github_local_dev/local-mongoose-webserver/.deps/obs-deps-qt6-2025-08-23-universal/include","/Users/jonwood/Github_local_dev/local-mongoose-webserver/.deps/obs-deps-qt6-2025-08-23-universal/lib/QtWidgets.framework/Headers","/Users/jonwood/Github_local_dev/local-mongoose-webserver/.deps/obs-deps-qt6-2025-08-23-universal/lib/QtGui.framework/Headers","$(inherited)");
				TARGET_TEMP_DIR = "/Users/jonwood/Github_local_dev/local-mongoose-webserver/build_macos/build/local-mongoose-webserver.build/$(CONFIGURATION)$(EFFECTIVE_PLATFORM_NAME)";
				USE_HEADERMAP = NO;
				WARNING_CFLAGS = ("$(inherited)");
				WRAPPER_EXTENSION = plugin;
			};
			name = Release;
		};
		8C1A697C43FC485AA2610C4B /* Release */ = {
			isa = XCBuildConfiguration;
			buildSettings = {
				ALWAYS_SEARCH_USER_PATHS = NO;
				ARCHS = arm64;
				COMBINE_HIDPI_IMAGES = YES;
				GCC_GENERATE_DEBUGGING_SYMBOLS = YES;
				GCC_INLINES_ARE_PRIVATE_EXTERN = NO;
				GCC_OPTIMIZATION_LEVEL = 0;
				GCC_PREPROCESSOR_DEFINITIONS = ("'CMAKE_INTDIR=\"$(CONFIGURATION)$(EFFECTIVE_PLATFORM_NAME)\"'","$(inherited)");
				GCC_SYMBOLS_PRIVATE_EXTERN = NO;
				INSTALL_PATH = "";
				ONLY_ACTIVE_ARCH = NO;
				OTHER_LDFLAGS = ("'-Wl,-dead_strip_dylibs'","$(inherited)");
				OTHER_REZFLAGS = "";
				PRODUCT_NAME = ALL_BUILD;
				SECTORDER_FLAGS = "";
				USE_HEADERMAP = NO;
				WARNING_CFLAGS = ("$(inherited)");
			};
			name = Release;
		};
		98C039094B2A43D2B2604500 /* Release */ = {
			isa = XCBuildConfiguration;
			buildSettings = {
				ALWAYS_SEARCH_USER_PATHS = NO;
				ARCHS = arm64;
				COMBINE_HIDPI_IMAGES = YES;
				GCC_GENERATE_DEBUGGING_SYMBOLS = YES;
				GCC_INLINES_ARE_PRIVATE_EXTERN = NO;
				GCC_OPTIMIZATION_LEVEL = 0;
				GCC_PREPROCESSOR_DEFINITIONS = ("'CMAKE_INTDIR=\"$(CONFIGURATION)$(EFFECTIVE_PLATFORM_NAME)\"'","$(inherited)");
				GCC_SYMBOLS_PRIVATE_EXTERN = NO;
				INSTALL_PATH = "";
				ONLY_ACTIVE_ARCH = NO;
				OTHER_LDFLAGS = ("'-Wl,-dead_strip_dylibs'","$(inherited)");
				OTHER_REZFLAGS = "";
				PRODUCT_NAME = install;
				SECTORDER_FLAGS = "";
				USE_HEADERMAP = NO;
				WARNING_CFLAGS = ("$(inherited)");
			};
			name = Release;
		};
		9D2A811DFF8348D09E42519D /* MinSizeRel */ = {
			isa = XCBuildConfiguration;
			buildSettings = {
				ALWAYS_SEARCH_USER_PATHS = NO;
				ARCHS = arm64;
				COMBINE_HIDPI_IMAGES = YES;
				GCC_GENERATE_DEBUGGING_SYMBOLS = YES;
				GCC_INLINES_ARE_PRIVATE_EXTERN = NO;
				GCC_OPTIMIZATION_LEVEL = 0;
				GCC_PREPROCESSOR_DEFINITIONS = ("'CMAKE_INTDIR=\"$(CONFIGURATION)$(EFFECTIVE_PLATFORM_NAME)\"'","$(inherited)");
				GCC_SYMBOLS_PRIVATE_EXTERN = NO;
				INSTALL_PATH = "";
				ONLY_ACTIVE_ARCH = NO;
				OTHER_LDFLAGS = ("'-Wl,-dead_strip_dylibs'","$(inherited)");
				OTHER_REZFLAGS = "";
				PRODUCT_NAME = "local-mongoose-webserver_autogen";
				SECTORDER_FLAGS = "";
				USE_HEADERMAP = NO;
				WARNING_CFLAGS = ("$(inherited)");
			};
			name = MinSizeRel;
		};
		A1838657C4F34B35B0267A94 /* RelWithDebInfo */ = {
			isa = XCBuildConfiguration;
			buildSettings = {
				ALWAYS_SEARCH_USER_PATHS = NO;
				ARCHS = arm64;
				COMBINE_HIDPI_IMAGES = YES;
				GCC_GENERATE_DEBUGGING_SYMBOLS = YES;
				GCC_INLINES_ARE_PRIVATE_EXTERN = NO;
				GCC_OPTIMIZATION_LEVEL = 0;
				GCC_PREPROCESSOR_DEFINITIONS = ("'CMAKE_INTDIR=\"$(CONFIGURATION)$(EFFECTIVE_PLATFORM_NAME)\"'","$(inherited)");
				GCC_SYMBOLS_PRIVATE_EXTERN = NO;
				INSTALL_PATH = "";
				ONLY_ACTIVE_ARCH = NO;
				OTHER_LDFLAGS = ("'-Wl,-dead_strip_dylibs'","$(inherited)");
				OTHER_REZFLAGS = "";
				PRODUCT_NAME = ALL_BUILD;
				SECTORDER_FLAGS = "";
				USE_HEADERMAP = NO;
				WARNING_CFLAGS = ("$(inherited)");
			};
			name = RelWithDebInfo;
		};
		AD61CBE22BCB4973A7C7C7D8 /* MinSizeRel */ = {
			isa = XCBuildConfiguration;
			buildSettings = {
				ALWAYS_SEARCH_USER_PATHS = NO;
				ARCHS = arm64;
				COMBINE_HIDPI_IMAGES = YES;
				GCC_GENERATE_DEBUGGING_SYMBOLS = YES;
				GCC_INLINES_ARE_PRIVATE_EXTERN = NO;
				GCC_OPTIMIZATION_LEVEL = 0;
				GCC_PREPROCESSOR_DEFINITIONS = ("'CMAKE_INTDIR=\"$(CONFIGURATION)$(EFFECTIVE_PLATFORM_NAME)\"'","$(inherited)");
				GCC_SYMBOLS_PRIVATE_EXTERN = NO;
				INSTALL_PATH = "";
				ONLY_ACTIVE_ARCH = NO;
				OTHER_LDFLAGS = ("'-Wl,-dead_strip_dylibs'","$(inherited)");
				OTHER_REZFLAGS = "";
				PRODUCT_NAME = ZERO_CHECK;
				SECTORDER_FLAGS = "";
				USE_HEADERMAP = NO;
				WARNING_CFLAGS = ("$(inherited)");
			};
			name = MinSizeRel;
		};
		B908C61D3FDD42EEBBD9AD79 /* MinSizeRel */ = {
			isa = XCBuildConfiguration;
			buildSettings = {
				ARCHS = arm64;
				CLANG_ENABLE_MODULES = YES;
				CLANG_ENABLE_OBJC_ARC = YES;
				CLANG_ENABLE_OBJC_WEAK = YES;
				CLANG_MODULES_AUTOLINK = YES;
				CLANG_WARN_BLOCK_CAPTURE_AUTORELEASING = YES_ERROR;
				CLANG_WARN_BOOL_CONVERSION = YES;
				CLANG_WARN_COMMA = YES;
				CLANG_WARN_CONSTANT_CONVERSION = YES;
				CLANG_WARN_DEPRECATED_OBJC_IMPLEMENTATIONS = YES;
				CLANG_WARN_EMPTY_BODY = YES;
				CLANG_WARN_ENUM_CONVERSION = YES;
				CLANG_WARN_INFINITE_RECURSION = YES;
				CLANG_WARN_INT_CONVERSION = YES;
				CLANG_WARN_NON_LITERAL_NULL_CONVERSION = YES;
				CLANG_WARN_OBJC_IMPLICIT_RETAIN_SELF = YES;
				CLANG_WARN_OBJC_LITERAL_CONVERSION = YES;
				CLANG_WARN_OBJC_REPEATED_USE_OF_WEAK = YES;
				CLANG_WARN_QUOTED_INCLUDE_IN_FRAMEWORK_HEADER = YES;
				CLANG_WARN_RANGE_LOOP_ANALYSIS = YES;
				CLANG_WARN_STRICT_PROTOTYPES = NO;
				CLANG_WARN_SUSPICIOUS_IMPLICIT_CONVERSION = NO;
				CLANG_WARN_SUSPICIOUS_MOVE = YES;
				CLANG_WARN_UNREACHABLE_CODE = YES;
				CLANG_WARN__DUPLICATE_METHOD_MATCH = YES;
				CODE_SIGN_IDENTITY = "-";
				CODE_SIGN_INJECT_BASE_ENTITLEMENTS = NO;
				CODE_SIGN_STYLE = Manual;
				CURRENT_PROJECT_VERSION = 22;
				DEAD_CODE_STRIPPING = YES;
				DEBUG_INFORMATION_FORMAT = "dwarf-with-dsym";
				DYLIB_COMPATIBILITY_VERSION = 1.0.0;
				ENABLE_HARDENED_RUNTIME = YES;
				ENABLE_STRICT_OBJC_MSGSEND = YES;
				GCC_INLINES_ARE_PRIVATE_EXTERN = YES;
				GCC_NO_COMMON_BLOCKS = YES;
				GCC_STRICT_ALIASING = NO;
				GCC_SYMBOLS_PRIVATE_EXTERN = YES;
				GCC_TREAT_WARNINGS_AS_ERRORS = YES;
				GCC_WARN_64_TO_32_BIT_CONVERSION = YES;
				GCC_WARN_ABOUT_MISSING_FIELD_INITIALIZERS = NO;
				GCC_WARN_ABOUT_MISSING_NEWLINE = YES;
				GCC_WARN_ABOUT_RETURN_TYPE = YES_ERROR;
				GCC_WARN_CHECK_SWITCH_STATEMENTS = YES;
				GCC_WARN_FOUR_CHARACTER_CONSTANTS = YES;
				GCC_WARN_SHADOW = NO;
				GCC_WARN_SIGN_COMPARE = YES;
				GCC_WARN_TYPECHECK_CALLS_TO_PRINTF = YES;
				GCC_WARN_UNDECLARED_SELECTOR = YES;
				GCC_WARN_UNINITIALIZED_AUTOS = YES;
				GCC_WARN_UNUSED_FUNCTION = NO;
				GCC_WARN_UNUSED_PARAMETER = YES;
				GCC_WARN_UNUSED_VALUE = YES;
				GCC_WARN_UNUSED_VARIABLE = YES;
				LD_RUNPATH_SEARCH_PATHS = "@executable_path/../Frameworks";
				MACOSX_DEPLOYMENT_TARGET = 12.0;
				MARKETING_VERSION = 1.0.0;
				OTHER_CODE_SIGN_FLAGS = "--timestamp";
				SDKROOT = "";
				SWIFT_COMPILATION_MODE = wholemodule;
				SWIFT_VERSION = 5.0;
				SYMROOT = "/Users/jonwood/Github_local_dev/local-mongoose-webserver/build_macos/build";
				WARNING_CFLAGS = "-Wvla -Wformat-security";
			};
			name = MinSizeRel;
		};
		BC0E133C0A774AF1B78F1C11 /* Release */ = {
			isa = XCBuildConfiguration;
			buildSettings = {
				ARCHS = arm64;
				CLANG_ENABLE_MODULES = YES;
				CLANG_ENABLE_OBJC_ARC = YES;
				CLANG_ENABLE_OBJC_WEAK = YES;
				CLANG_MODULES_AUTOLINK = YES;
				CLANG_WARN_BLOCK_CAPTURE_AUTORELEASING = YES_ERROR;
				CLANG_WARN_BOOL_CONVERSION = YES;
				CLANG_WARN_COMMA = YES;
				CLANG_WARN_CONSTANT_CONVERSION = YES;
				CLANG_WARN_DEPRECATED_OBJC_IMPLEMENTATIONS = YES;
				CLANG_WARN_EMPTY_BODY = YES;
				CLANG_WARN_ENUM_CONVERSION = YES;
				CLANG_WARN_INFINITE_RECURSION = YES;
				CLANG_WARN_INT_CONVERSION = YES;
				CLANG_WARN_NON_LITERAL_NULL_CONVERSION = YES;
				CLANG_WARN_OBJC_IMPLICIT_RETAIN_SELF = YES;
				CLANG_WARN_OBJC_LITERAL_CONVERSION = YES;
				CLANG_WARN_OBJC_REPEATED_USE_OF_WEAK = YES;
				CLANG_WARN_QUOTED_INCLUDE_IN_FRAMEWORK_HEADER = YES;
				CLANG_WARN_RANGE_LOOP_ANALYSIS = YES;
				CLANG_WARN_STRICT_PROTOTYPES = NO;
				CLANG_WARN_SUSPICIOUS_IMPLICIT_CONVERSION = NO;
				CLANG_WARN_SUSPICIOUS_MOVE = YES;
				CLANG_WARN_UNREACHABLE_CODE = YES;
				CLANG_WARN__DUPLICATE_METHOD_MATCH = YES;
				CODE_SIGN_IDENTITY = "-";
				CODE_SIGN_INJECT_BASE_ENTITLEMENTS = NO;
				CODE_SIGN_STYLE = Manual;
				CURRENT_PROJECT_VERSION = 22;
				DEAD_CODE_STRIPPING = YES;
				DEBUG_INFORMATION_FORMAT = "dwarf-with-dsym";
				DYLIB_COMPATIBILITY_VERSION = 1.0.0;
				ENABLE_HARDENED_RUNTIME = YES;
				ENABLE_STRICT_OBJC_MSGSEND = YES;
				GCC_INLINES_ARE_PRIVATE_EXTERN = YES;
				GCC_NO_COMMON_BLOCKS = YES;
				GCC_STRICT_ALIASING = NO;
				GCC_SYMBOLS_PRIVATE_EXTERN = YES;
				GCC_TREAT_WARNINGS_AS_ERRORS = YES;
				GCC_WARN_64_TO_32_BIT_CONVERSION = YES;
				GCC_WARN_ABOUT_MISSING_FIELD_INITIALIZERS = NO;
				GCC_WARN_ABOUT_MISSING_NEWLINE = YES;
				GCC_WARN_ABOUT_RETURN_TYPE = YES_ERROR;
				GCC_WARN_CHECK_SWITCH_STATEMENTS = YES;
				GCC_WARN_FOUR_CHARACTER_CONSTANTS = YES;
				GCC_WARN_SHADOW = NO;
				GCC_WARN_SIGN_COMPARE = YES;
				GCC_WARN_TYPECHECK_CALLS_TO_PRINTF = YES;
				GCC_WARN_UNDECLARED_SELECTOR = YES;
				GCC_WARN_UNINITIALIZED_AUTOS = YES;
				GCC_WARN_UNUSED_FUNCTION = NO;
				GCC_WARN_UNUSED_PARAMETER = YES;
				GCC_WARN_UNUSED_VALUE = YES;
				GCC_WARN_UNUSED_VARIABLE = YES;
				LD_RUNPATH_SEARCH_PATHS = "@executable_path/../Frameworks";
				MACOSX_DEPLOYMENT_TARGET = 12.0;
				MARKETING_VERSION = 1.0.0;
				OTHER_CODE_SIGN_FLAGS = "--timestamp";
				SDKROOT = "";
				SWIFT_COMPILATION_MODE = wholemodule;
				SWIFT_VERSION = 5.0;
				SYMROOT = "/Users/jonwood/Github_local_dev/local-mongoose-webserver/build_macos/build";
				WARNING_CFLAGS = "-Wvla -Wformat-security";
			};
			name = Release;
		};
		C390817261D04B16A77DAB65 /* Debug */ = {
			isa = XCBuildConfiguration;
			buildSettings = {
				ALWAYS_SEARCH_USER_PATHS = NO;
				ARCHS = arm64;
				COMBINE_HIDPI_IMAGES = YES;
				GCC_GENERATE_DEBUGGING_SYMBOLS = YES;
				GCC_INLINES_ARE_PRIVATE_EXTERN = NO;
				GCC_OPTIMIZATION_LEVEL = 0;
				GCC_PREPROCESSOR_DEFINITIONS = ("'CMAKE_INTDIR=\"$(CONFIGURATION)$(EFFECTIVE_PLATFORM_NAME)\"'","$(inherited)");
				GCC_SYMBOLS_PRIVATE_EXTERN = NO;
				INSTALL_PATH = "";
				ONLY_ACTIVE_ARCH = NO;
				OTHER_LDFLAGS = ("'-Wl,-dead_strip_dylibs'","$(inherited)");
				OTHER_REZFLAGS = "";
				PRODUCT_NAME = ALL_BUILD;
				SECTORDER_FLAGS = "";
				USE_HEADERMAP = NO;
				WARNING_CFLAGS = ("$(inherited)");
			};
			name = Debug;
		};
		C4EA6886A766407EA4AE651A /* RelWithDebInfo */ = {
			isa = XCBuildConfiguration;
			buildSettings = {
				ALWAYS_SEARCH_USER_PATHS = NO;
				ARCHS = arm64;
				COMBINE_HIDPI_IMAGES = YES;
				GCC_GENERATE_DEBUGGING_SYMBOLS = YES;
				GCC_INLINES_ARE_PRIVATE_EXTERN = NO;
				GCC_OPTIMIZATION_LEVEL = 0;
				GCC_PREPROCESSOR_DEFINITIONS = ("'CMAKE_INTDIR=\"$(CONFIGURATION)$(EFFECTIVE_PLATFORM_NAME)\"'","$(inherited)");
				GCC_SYMBOLS_PRIVATE_EXTERN = NO;
				INSTALL_PATH = "";
				ONLY_ACTIVE_ARCH = NO;
				OTHER_LDFLAGS = ("'-Wl,-dead_strip_dylibs'","$(inherited)");
				OTHER_REZFLAGS = "";
				PRODUCT_NAME = ZERO_CHECK;
				SECTORDER_FLAGS = "";
				USE_HEADERMAP = NO;
				WARNING_CFLAGS = ("$(inherited)");
			};
			name = RelWithDebInfo;
		};
		C5F8AAEFBB794E9EAFE6E11D /* Debug */ = {
			isa = XCBuildConfiguration;
			buildSettings = {
				ALWAYS_SEARCH_USER_PATHS = NO;
				ARCHS = arm64;
				COMBINE_HIDPI_IMAGES = YES;
				GCC_GENERATE_DEBUGGING_SYMBOLS = YES;
				GCC_INLINES_ARE_PRIVATE_EXTERN = NO;
				GCC_OPTIMIZATION_LEVEL = 0;
				GCC_PREPROCESSOR_DEFINITIONS = ("'CMAKE_INTDIR=\"$(CONFIGURATION)$(EFFECTIVE_PLATFORM_NAME)\"'","$(inherited)");
				GCC_SYMBOLS_PRIVATE_EXTERN = NO;
				INSTALL_PATH = "";
				ONLY_ACTIVE_ARCH = NO;
				OTHER_LDFLAGS = ("'-Wl,-dead_strip_dylibs'","$(inherited)");
				OTHER_REZFLAGS = "";
				PRODUCT_NAME = ZERO_CHECK;
				SECTORDER_FLAGS = "";
				USE_HEADERMAP = NO;
				WARNING_CFLAGS = ("$(inherited)");
			};
			name = Debug;
		};
		D36C005A4DCA48119801E438 /* RelWithDebInfo */ = {
			isa = XCBuildConfiguration;
			buildSettings = {
				ALWAYS_SEARCH_USER_PATHS = NO;
				ARCHS = arm64;
				COMBINE_HIDPI_IMAGES = YES;
				GCC_GENERATE_DEBUGGING_SYMBOLS = YES;
				GCC_INLINES_ARE_PRIVATE_EXTERN = NO;
				GCC_OPTIMIZATION_LEVEL = 0;
				GCC_PREPROCESSOR_DEFINITIONS = ("'CMAKE_INTDIR=\"$(CONFIGURATION)$(EFFECTIVE_PLATFORM_NAME)\"'","$(inherited)");
				GCC_SYMBOLS_PRIVATE_EXTERN = NO;
				INSTALL_PATH = "";
				ONLY_ACTIVE_ARCH = NO;
				OTHER_LDFLAGS = ("'-Wl,-dead_strip_dylibs'","$(inherited)");
				OTHER_REZFLAGS = "";
				PRODUCT_NAME = install;
				SECTORDER_FLAGS = "";
				USE_HEADERMAP = NO;
				WARNING_CFLAGS = ("$(inherited)");
			};
			name = RelWithDebInfo;
		};
		DE161D55D62C4E7A869B2234 /* MinSizeRel */ = {
			isa = XCBuildConfiguration;
			buildSettings = {
				ALWAYS_SEARCH_USER_PATHS = NO;
				ARCHS = arm64;
				COMBINE_HIDPI_IMAGES = YES;
				GCC_GENERATE_DEBUGGING_SYMBOLS = YES;
				GCC_INLINES_ARE_PRIVATE_EXTERN = NO;
				GCC_OPTIMIZATION_LEVEL = 0;
				GCC_PREPROCESSOR_DEFINITIONS = ("'CMAKE_INTDIR=\"$(CONFIGURATION)$(EFFECTIVE_PLATFORM_NAME)\"'","$(inherited)");
				GCC_SYMBOLS_PRIVATE_EXTERN = NO;
				INSTALL_PATH = "";
				ONLY_ACTIVE_ARCH = NO;
				OTHER_LDFLAGS = ("'-Wl,-dead_strip_dylibs'","$(inherited)");
				OTHER_REZFLAGS = "";
				PRODUCT_NAME = install;
				SECTORDER_FLAGS = "";
				USE_HEADERMAP = NO;
				WARNING_CFLAGS = ("$(inherited)");
			};
			name = MinSizeRel;
		};
		E3D0B0A50E4B46A4AA44ADD4 /* Debug */ = {
			isa = XCBuildConfiguration;
			buildSettings = {
				ALWAYS_SEARCH_USER_PATHS = NO;
				ARCHS = arm64;
				COMBINE_HIDPI_IMAGES = YES;
				GCC_GENERATE_DEBUGGING_SYMBOLS = YES;
				GCC_INLINES_ARE_PRIVATE_EXTERN = NO;
				GCC_OPTIMIZATION_LEVEL = 0;
				GCC_PREPROCESSOR_DEFINITIONS = ("'CMAKE_INTDIR=\"$(CONFIGURATION)$(EFFECTIVE_PLATFORM_NAME)\"'","$(inherited)");
				GCC_SYMBOLS_PRIVATE_EXTERN = NO;
				INSTALL_PATH = "";
				ONLY_ACTIVE_ARCH = NO;
				OTHER_LDFLAGS = ("'-Wl,-dead_strip_dylibs'","$(inherited)");
				OTHER_REZFLAGS = "";
				PRODUCT_NAME = "local-mongoose-webserver_autogen";
				SECTORDER_FLAGS = "";
				USE_HEADERMAP = NO;
				WARNING_CFLAGS = ("$(inherited)");
			};
			name = Debug;
		};
		F15D3BCC05FB4B68A1CB9C41 /* Release */ = {
			isa = XCBuildConfiguration;
			buildSettings = {
				ALWAYS_SEARCH_USER_PATHS = NO;
				ARCHS = arm64;
				COMBINE_HIDPI_IMAGES = YES;
				GCC_GENERATE_DEBUGGING_SYMBOLS = YES;
				GCC_INLINES_ARE_PRIVATE_EXTERN = NO;
				GCC_OPTIMIZATION_LEVEL = 0;
				GCC_PREPROCESSOR_DEFINITIONS = ("'CMAKE_INTDIR=\"$(CONFIGURATION)$(EFFECTIVE_PLATFORM_NAME)\"'","$(inherited)");
				GCC_SYMBOLS_PRIVATE_EXTERN = NO;
				INSTALL_PATH = "";
				ONLY_ACTIVE_ARCH = NO;
				OTHER_LDFLAGS = ("'-Wl,-dead_strip_dylibs'","$(inherited)");
				OTHER_REZFLAGS = "";
				PRODUCT_NAME = ZERO_CHECK;
				SECTORDER_FLAGS = "";
				USE_HEADERMAP = NO;
				WARNING_CFLAGS = ("$(inherited)");
			};
			name = Release;
		};
		F16106CF939C4F6FBCE3E646 /* Release */ = {
			isa = XCBuildConfiguration;
			buildSettings = {
				ALWAYS_SEARCH_USER_PATHS = NO;
				ARCHS = arm64;
				COMBINE_HIDPI_IMAGES = YES;
				GCC_GENERATE_DEBUGGING_SYMBOLS = YES;
				GCC_INLINES_ARE_PRIVATE_EXTERN = NO;
				GCC_OPTIMIZATION_LEVEL = 0;
				GCC_PREPROCESSOR_DEFINITIONS = ("'CMAKE_INTDIR=\"$(CONFIGURATION)$(EFFECTIVE_PLATFORM_NAME)\"'","$(inherited)");
				GCC_SYMBOLS_PRIVATE_EXTERN = NO;
				INSTALL_PATH = "";
				ONLY_ACTIVE_ARCH = NO;
				OTHER_LDFLAGS = ("'-Wl,-dead_strip_dylibs'","$(inherited)");
				OTHER_REZFLAGS = "";
				PRODUCT_NAME = "local-mongoose-webserver_autogen";
				SECTORDER_FLAGS = "";
				USE_HEADERMAP = NO;
				WARNING_CFLAGS = ("$(inherited)");
			};
			name = Release;
		};
		F1B5AE35A83245DEBD44124A /* RelWithDebInfo */ = {
			isa = XCBuildConfiguration;
			buildSettings = {
				ALWAYS_SEARCH_USER_PATHS = NO;
				ARCHS = arm64;
				COMBINE_HIDPI_IMAGES = YES;
				CONFIGURATION_BUILD_DIR = "/Users/jonwood/Github_local_dev/local-mongoose-webserver/build_macos/RelWithDebInfo";
				CURRENT_PROJECT_VERSION = 22;
				EXECUTABLE_PREFIX = "";
				EXECUTABLE_SUFFIX = "";
				FRAMEWORK_SEARCH_PATHS = (/Applications/Xcode.app/Contents/Developer/Platforms/MacOSX.platform/Developer/SDKs/MacOSX26.4.sdk/System/Library/Frameworks,/Applications/Xcode.app/Contents/Developer/Platforms/MacOSX.platform/Developer/SDKs/MacOSX26.4.sdk/System/Library/Frameworks,"/Users/jonwood/Github_local_dev/local-mongoose-webserver/.deps/Frameworks","/Users/jonwood/Github_local_dev/local-mongoose-webserver/.deps/obs-deps-qt6-2025-08-23-universal/lib","$(inherited)");
				GCC_GENERATE_DEBUGGING_SYMBOLS = YES;
				GCC_INLINES_ARE_PRIVATE_EXTERN = NO;
				GCC_OPTIMIZATION_LEVEL = 2;
				GCC_PREPROCESSOR_DEFINITIONS = ("'CMAKE_INTDIR=\"$(CONFIGURATION)$(EFFECTIVE_PLATFORM_NAME)\"'",local_mongoose_webserver_EXPORTS,"'ENABLE_FRONTEND_API=1'","'ENABLE_QT=1'","'ENABLE_HTTP_SERVER=1'",SIMDE_ENABLE_OPENMP,HAVE_OBSCONFIG_H,QT_CORE_LIB,QT_NO_DEBUG,QT_WIDGETS_LIB,QT_GUI_LIB,"$(inherited)");
				GCC_SYMBOLS_PRIVATE_EXTERN = NO;
				GENERATE_INFOPLIST_FILE = YES;
				HEADER_SEARCH_PATHS = ("/Users/jonwood/Github_local_dev/local-mongoose-webserver/build_macos","/Users/jonwood/Github_local_dev/local-mongoose-webserver","/Users/jonwood/Github_local_dev/local-mongoose-webserver/src","/Users/jonwood/Github_local_dev/local-mongoose-webserver/build_macos/generated","/Users/jonwood/Github_local_dev/local-mongoose-webserver/src/thirdparty","$(inherited)");
				INFOPLIST_FILE = "";
				INFOPLIST_KEY_CFBundleDisplayName = "local-mongoose-webserver";
				INFOPLIST_KEY_NSHumanReadableCopyright = "(c) 2026 Your Name Here";
				INSTALL_PATH = "$(USER_LIBRARY_DIR)/Application Support/obs-studio/plugins";
				LIBRARY_SEARCH_PATHS = ("/Users/jonwood/Github_local_dev/local-mongoose-webserver/.deps/lib","$(inherited)");
				LIBRARY_STYLE = BUNDLE;
				MARKETING_VERSION = 1.0.0;
				ONLY_ACTIVE_ARCH = NO;
				OTHER_CFLAGS = ("       -DNDEBUG '-std=c17' -fPIC -fvisibility=hidden -fopenmp-simd '-Wno-error=newline-eof' '-Wno-error=deprecated-this-capture' '-Wno-error=deprecated-declarations' '-Wno-error=range-loop-construct' -Wno-strict-prototypes -Wno-shorten-64-to-32 -Werror ","$(inherited)");
				OTHER_CPLUSPLUSFLAGS = "       -DNDEBUG '-std=c++17' -fPIC -fvisibility=hidden -fvisibility-inlines-hidden -fopenmp-simd '-Wno-error=newline-eof' '-Wno-error=deprecated-this-capture' '-Wno-error=deprecated-declarations' '-Wno-error=range-loop-construct' -Wno-strict-prototypes -Wno-shorten-64-to-32 -Werror ";
				OTHER_LDFLAGS = (" -Wl,-headerpad_max_install_names","-F/Users/jonwood/Github_local_dev/local-mongoose-webserver/local_frameworks","-framework IOKit","-framework DiskArbitration","-framework UniformTypeIdentifiers","-framework AppKit","-framework OpenGL","-framework ImageIO","-framework Metal","$(inherited)");
				OTHER_REZFLAGS = "";
				PRODUCT_BUNDLE_IDENTIFIER = "com.example.local-mongoose-webserver";
				PRODUCT_NAME = "local-mongoose-webserver";
				SECTORDER_FLAGS = "";
				SYSTEM_FRAMEWORK_SEARCH_PATHS = ("/Users/jonwood/Github_local_dev/local-mongoose-webserver/.deps/obs-deps-qt6-2025-08-23-universal/lib","/Users/jonwood/Github_local_dev/local-mongoose-webserver/.deps/Frameworks","$(inherited)");
				SYSTEM_HEADER_SEARCH_PATHS = ("/Users/jonwood/Github_local_dev/local-mongoose-webserver/build_macos/local-mongoose-webserver_autogen/include_RelWithDebInfo","/Users/jonwood/Github_local_dev/local-mongoose-webserver/.deps/Frameworks/libobs.framework/Headers","/Users/jonwood/Github_local_dev/local-mongoose-webserver/.deps/obs-deps-2025-08-23-universal/include","/Users/jonwood/Github_local_dev/local-mongoose-webserver/.deps/include/obs","/Users/jonwood/Github_local_dev/local-mongoose-webserver/.deps/obs-deps-qt6-2025-08-23-universal/lib/QtCore.framework/Headers","/Users/jonwood/Github_local_dev/local-mongoose-webserver/.deps/obs-deps-qt6-2025-08-23-universal/mkspecs/macx-clang","/Users/jonwood/Github_local_dev/local-mongoose-webserver/.deps/obs-deps-qt6-2025-08-23-universal/include","/Users/jonwood/Github_local_dev/local-mongoose-webserver/.deps/obs-deps-qt6-2025-08-23-universal/lib/QtWidgets.framework/Headers","/Users/jonwood/Github_local_dev/local-mongoose-webserver/.deps/obs-deps-qt6-2025-08-23-universal/lib/QtGui.framework/Headers","$(inherited)");
				TARGET_TEMP_DIR = "/Users/jonwood/Github_local_dev/local-mongoose-webserver/build_macos/build/local-mongoose-webserver.build/$(CONFIGURATION)$(EFFECTIVE_PLATFORM_NAME)";
				USE_HEADERMAP = NO;
				WARNING_CFLAGS = ("$(inherited)");
				WRAPPER_EXTENSION = plugin;
			};
			name = RelWithDebInfo;
		};
		F7FFA7B8A78A4302AE4175E6 /* RelWithDebInfo */ = {
			isa = XCBuildConfiguration;
			buildSettings = {
				ALWAYS_SEARCH_USER_PATHS = NO;
				ARCHS = arm64;
				COMBINE_HIDPI_IMAGES = YES;
				GCC_GENERATE_DEBUGGING_SYMBOLS = YES;
				GCC_INLINES_ARE_PRIVATE_EXTERN = NO;
				GCC_OPTIMIZATION_LEVEL = 0;
				GCC_PREPROCESSOR_DEFINITIONS = ("'CMAKE_INTDIR=\"$(CONFIGURATION)$(EFFECTIVE_PLATFORM_NAME)\"'","$(inherited)");
				GCC_SYMBOLS_PRIVATE_EXTERN = NO;
				INSTALL_PATH = "";
				ONLY_ACTIVE_ARCH = NO;
				OTHER_LDFLAGS = ("'-Wl,-dead_strip_dylibs'","$(inherited)");
				OTHER_REZFLAGS = "";
				PRODUCT_NAME = "local-mongoose-webserver_autogen";
				SECTORDER_FLAGS = "";
				USE_HEADERMAP = NO;
				WARNING_CFLAGS = ("$(inherited)");
			};
			name = RelWithDebInfo;
		};
/* End XCBuildConfiguration section */

/* Begin XCConfigurationList section */
		2607EF61AD01434EA07A9669 /* Build configuration list for PBXNativeTarget "local-mongoose-webserver" */ = {
			isa = XCConfigurationList;
			buildConfigurations = (
				36F1FE8B07C64B5E84B46342 /* Debug */,
				8083574254274A92BACBC3F2 /* Release */,
				676091ACE9F94A9395BDE148 /* MinSizeRel */,
				F1B5AE35A83245DEBD44124A /* RelWithDebInfo */,
			);
			defaultConfigurationIsVisible = 0;
			defaultConfigurationName = Debug;
		};
		4AB0816D6E7347F7BB2F9B51 /* Build configuration list for PBXAggregateTarget "ALL_BUILD" */ = {
			isa = XCConfigurationList;
			buildConfigurations = (
				C390817261D04B16A77DAB65 /* Debug */,
				8C1A697C43FC485AA2610C4B /* Release */,
				3B8601AE6DFD4854AB08963E /* MinSizeRel */,
				A1838657C4F34B35B0267A94 /* RelWithDebInfo */,
			);
			defaultConfigurationIsVisible = 0;
			defaultConfigurationName = Debug;
		};
		57235AEBE9194AEDB35401D6 /* Build configuration list for PBXAggregateTarget "install" */ = {
			isa = XCConfigurationList;
			buildConfigurations = (
				6E909E86FE3A4C69BAA59149 /* Debug */,
				98C039094B2A43D2B2604500 /* Release */,
				DE161D55D62C4E7A869B2234 /* MinSizeRel */,
				D36C005A4DCA48119801E438 /* RelWithDebInfo */,
			);
			defaultConfigurationIsVisible = 0;
			defaultConfigurationName = Debug;
		};
		63D31ACE6D994A1AA5692F8C /* Build configuration list for PBXAggregateTarget "ZERO_CHECK" */ = {
			isa = XCConfigurationList;
			buildConfigurations = (
				C5F8AAEFBB794E9EAFE6E11D /* Debug */,
				F15D3BCC05FB4B68A1CB9C41 /* Release */,
				AD61CBE22BCB4973A7C7C7D8 /* MinSizeRel */,
				C4EA6886A766407EA4AE651A /* RelWithDebInfo */,
			);
			defaultConfigurationIsVisible = 0;
			defaultConfigurationName = Debug;
		};
		D198CC76F486480593B20008 /* Build configuration list for PBXAggregateTarget "local-mongoose-webserver_autogen" */ = {
			isa = XCConfigurationList;
			buildConfigurations = (
				E3D0B0A50E4B46A4AA44ADD4 /* Debug */,
				F16106CF939C4F6FBCE3E646 /* Release */,
				9D2A811DFF8348D09E42519D /* MinSizeRel */,
				F7FFA7B8A78A4302AE4175E6 /* RelWithDebInfo */,
			);
			defaultConfigurationIsVisible = 0;
			defaultConfigurationName = Debug;
		};
		DFC7465F67DA42F49A89296F /* Build configuration list for PBXProject "local-mongoose-webserver" */ = {
			isa = XCConfigurationList;
			buildConfigurations = (
				7268177AF4774E1DB7132DE5 /* Debug */,
				BC0E133C0A774AF1B78F1C11 /* Release */,
				B908C61D3FDD42EEBBD9AD79 /* MinSizeRel */,
				6A40835A03894B0AB10E476A /* RelWithDebInfo */,
			);
			defaultConfigurationIsVisible = 0;
			defaultConfigurationName = Debug;
		};
/* End XCConfigurationList section */
	};
	rootObject = 467BE2BA93CA454D9F3F575C /* Project object */;
}
